PODS:
  - HockeySDK (3.5.0)
  - InAppSettingsKit (2.0)
  - MBProgressHUD (0.8)
  - Reachability (3.1.1)
  - Reveal-iOS-SDK (1.0.1)
  - SDScreenshotCapture (1.2)

DEPENDENCIES:
  - HockeySDK
  - InAppSettingsKit
  - MBProgressHUD (from `git@github.com:kpbode/MBProgressHUD.git`, commit `0e5ffa6a7e3cea6c23a09068dee9cae1c5106908`)
  - Reachability
  - Reveal-iOS-SDK
  - SDScreenshotCapture

EXTERNAL SOURCES:
  MBProgressHUD:
    :commit: 0e5ffa6a7e3cea6c23a09068dee9cae1c5106908
    :git: git@github.com:kpbode/MBProgressHUD.git

SPEC CHECKSUMS:
  HockeySDK: 685e6ca0b78668ef8b595fba17fe087ea6074b05
  InAppSettingsKit: 2b85ba925a81634860461c21274f54b130c84614
  MBProgressHUD: 2bbc6f470111daf7f3eaa4eb12b8cbf01c4c0622
  Reachability: be4883bb93f31e38266ae3365e5600a317aae735
  Reveal-iOS-SDK: 46150c4842289e303a5da32b092686ef3c6737f5
  SDScreenshotCapture: 3e0e88484b2c6ecf27bb81a9ad67fcf29c01bf69

COCOAPODS: 0.26.2
