// !$*UTF8*$!
{
	archiveVersion = 1;
	classes = {
	};
	objectVersion = 46;
	objects = {

/* Begin PBXBuildFile section */
		89750CD7CCA144BCB9858C10 /* libPods.a in Frameworks */ = {isa = PBXBuildFile; fileRef = 379672A3B97448C085FD2FFD /* libPods.a */; };
		CB98064717EEC0840017D644 /* Foundation.framework in Frameworks */ = {isa = PBXBuildFile; fileRef = CB98064617EEC0840017D644 /* Foundation.framework */; };
		CB98064917EEC0840017D644 /* CoreGraphics.framework in Frameworks */ = {isa = PBXBuildFile; fileRef = CB98064817EEC0840017D644 /* CoreGraphics.framework */; };
		CB98064B17EEC0840017D644 /* UIKit.framework in Frameworks */ = {isa = PBXBuildFile; fileRef = CB98064A17EEC0840017D644 /* UIKit.framework */; };
		CB98065117EEC0840017D644 /* InfoPlist.strings in Resources */ = {isa = PBXBuildFile; fileRef = CB98064F17EEC0840017D644 /* InfoPlist.strings */; };
		CB98065317EEC0840017D644 /* main.m in Sources */ = {isa = PBXBuildFile; fileRef = CB98065217EEC0840017D644 /* main.m */; };
		CB98065717EEC0840017D644 /* KPBAppDelegate.m in Sources */ = {isa = PBXBuildFile; fileRef = CB98065617EEC0840017D644 /* KPBAppDelegate.m */; };
		CB98065917EEC0840017D644 /* Images.xcassets in Resources */ = {isa = PBXBuildFile; fileRef = CB98065817EEC0840017D644 /* Images.xcassets */; };
		CB98066017EEC0840017D644 /* XCTest.framework in Frameworks */ = {isa = PBXBuildFile; fileRef = CB98065F17EEC0840017D644 /* XCTest.framework */; };
		CB98066117EEC0840017D644 /* Foundation.framework in Frameworks */ = {isa = PBXBuildFile; fileRef = CB98064617EEC0840017D644 /* Foundation.framework */; };
		CB98066217EEC0840017D644 /* UIKit.framework in Frameworks */ = {isa = PBXBuildFile; fileRef = CB98064A17EEC0840017D644 /* UIKit.framework */; };
		CB98066A17EEC0840017D644 /* InfoPlist.strings in Resources */ = {isa = PBXBuildFile; fileRef = CB98066817EEC0840017D644 /* InfoPlist.strings */; };
		CB98066C17EEC0840017D644 /* BreMensaTests.m in Sources */ = {isa = PBXBuildFile; fileRef = CB98066B17EEC0840017D644 /* BreMensaTests.m */; };
		CB98067617EEC22E0017D644 /* Storyboard_iPhone.storyboard in Resources */ = {isa = PBXBuildFile; fileRef = CB98067517EEC22E0017D644 /* Storyboard_iPhone.storyboard */; };
		CB98067A17EEC2A30017D644 /* KPBMensaMenuViewController.m in Sources */ = {isa = PBXBuildFile; fileRef = CB98067917EEC2A30017D644 /* KPBMensaMenuViewController.m */; };
		CB98068017EEC2BF0017D644 /* KPBMealplanSegue.m in Sources */ = {isa = PBXBuildFile; fileRef = CB98067D17EEC2BF0017D644 /* KPBMealplanSegue.m */; };
		CB98068117EEC2BF0017D644 /* KPBPhoneMealplanPresentationAnimator.m in Sources */ = {isa = PBXBuildFile; fileRef = CB98067F17EEC2BF0017D644 /* KPBPhoneMealplanPresentationAnimator.m */; };
		CB98069017EEC2DC0017D644 /* KPBMensa.m in Sources */ = {isa = PBXBuildFile; fileRef = CB98068317EEC2DC0017D644 /* KPBMensa.m */; };
		CB98069117EEC2DC0017D644 /* KPBMealplan.m in Sources */ = {isa = PBXBuildFile; fileRef = CB98068517EEC2DC0017D644 /* KPBMealplan.m */; };
		CB98069217EEC2DC0017D644 /* KPBMenu.m in Sources */ = {isa = PBXBuildFile; fileRef = CB98068717EEC2DC0017D644 /* KPBMenu.m */; };
		CB98069317EEC2DC0017D644 /* KPBMeal.m in Sources */ = {isa = PBXBuildFile; fileRef = CB98068917EEC2DC0017D644 /* KPBMeal.m */; };
		CB98069417EEC2DC0017D644 /* KPBMensaLocationMarker.m in Sources */ = {isa = PBXBuildFile; fileRef = CB98068B17EEC2DC0017D644 /* KPBMensaLocationMarker.m */; };
		CB98069517EEC2DC0017D644 /* KPBMensaOpeningTime.m in Sources */ = {isa = PBXBuildFile; fileRef = CB98068D17EEC2DC0017D644 /* KPBMensaOpeningTime.m */; };
		CB98069617EEC2DC0017D644 /* KPBMensaOpeningInfo.m in Sources */ = {isa = PBXBuildFile; fileRef = CB98068F17EEC2DC0017D644 /* KPBMensaOpeningInfo.m */; };
		CB9806A517EEC31A0017D644 /* KPBMealplanLayout.m in Sources */ = {isa = PBXBuildFile; fileRef = CB98069A17EEC31A0017D644 /* KPBMealplanLayout.m */; };
		CB9806A617EEC31A0017D644 /* KPBMealplanLayoutSection.m in Sources */ = {isa = PBXBuildFile; fileRef = CB98069C17EEC31A0017D644 /* KPBMealplanLayoutSection.m */; };
		CB9806A717EEC31A0017D644 /* KPBMealCell.m in Sources */ = {isa = PBXBuildFile; fileRef = CB98069E17EEC31A0017D644 /* KPBMealCell.m */; };
		CB9806A817EEC31A0017D644 /* KPBMealplanInfoView.m in Sources */ = {isa = PBXBuildFile; fileRef = CB9806A017EEC31A0017D644 /* KPBMealplanInfoView.m */; };
		CB9806AA17EEC31A0017D644 /* KPBMenuHeaderView.m in Sources */ = {isa = PBXBuildFile; fileRef = CB9806A417EEC31A0017D644 /* KPBMenuHeaderView.m */; };
		CB9806B117EEC32C0017D644 /* KPBMealplanViewController.m in Sources */ = {isa = PBXBuildFile; fileRef = CB9806AC17EEC32C0017D644 /* KPBMealplanViewController.m */; };
		CB9806B217EEC32C0017D644 /* KPBMensaDetailViewController.m in Sources */ = {isa = PBXBuildFile; fileRef = CB9806AE17EEC32C0017D644 /* KPBMensaDetailViewController.m */; };
		CB9806B317EEC32C0017D644 /* KPBMoreInfoViewController.m in Sources */ = {isa = PBXBuildFile; fileRef = CB9806B017EEC32C0017D644 /* KPBMoreInfoViewController.m */; };
		CB9806B617EEC43E0017D644 /* NSDate+KPBAdditions.m in Sources */ = {isa = PBXBuildFile; fileRef = CB9806B517EEC43E0017D644 /* NSDate+KPBAdditions.m */; };
		CB9806B817EEC9880017D644 /* config.plist in Resources */ = {isa = PBXBuildFile; fileRef = CB9806B717EEC9880017D644 /* config.plist */; };
		CB9806BB17EECFDE0017D644 /* NSCalendar+KPBAdditions.m in Sources */ = {isa = PBXBuildFile; fileRef = CB9806BA17EECFDE0017D644 /* NSCalendar+KPBAdditions.m */; };
		CB9806BE17EEE09E0017D644 /* MapKit.framework in Frameworks */ = {isa = PBXBuildFile; fileRef = CB9806BD17EEE09E0017D644 /* MapKit.framework */; };
		CB9806C017EEE0AA0017D644 /* QuartzCore.framework in Frameworks */ = {isa = PBXBuildFile; fileRef = CB9806BF17EEE0AA0017D644 /* QuartzCore.framework */; };
		CB9806C217EF25E20017D644 /* info.html in Resources */ = {isa = PBXBuildFile; fileRef = CB9806C117EF25E20017D644 /* info.html */; };
		CB98070617F0B57E0017D644 /* SystemConfiguration.framework in Frameworks */ = {isa = PBXBuildFile; fileRef = CB98070517F0B57E0017D644 /* SystemConfiguration.framework */; };
/* End PBXBuildFile section */

/* Begin PBXContainerItemProxy section */
		CB98066317EEC0840017D644 /* PBXContainerItemProxy */ = {
			isa = PBXContainerItemProxy;
			containerPortal = CB98063B17EEC0840017D644 /* Project object */;
			proxyType = 1;
			remoteGlobalIDString = CB98064217EEC0840017D644;
			remoteInfo = BreMensa;
		};
/* End PBXContainerItemProxy section */

/* Begin PBXFileReference section */
		25F411563D854C0089CBCF02 /* Pods.xcconfig */ = {isa = PBXFileReference; includeInIndex = 1; lastKnownFileType = text.xcconfig; name = Pods.xcconfig; path = Pods/Pods.xcconfig; sourceTree = "<group>"; };
		379672A3B97448C085FD2FFD /* libPods.a */ = {isa = PBXFileReference; explicitFileType = archive.ar; includeInIndex = 0; path = libPods.a; sourceTree = BUILT_PRODUCTS_DIR; };
		CB98064317EEC0840017D644 /* BreMensa.app */ = {isa = PBXFileReference; explicitFileType = wrapper.application; includeInIndex = 0; path = BreMensa.app; sourceTree = BUILT_PRODUCTS_DIR; };
		CB98064617EEC0840017D644 /* Foundation.framework */ = {isa = PBXFileReference; lastKnownFileType = wrapper.framework; name = Foundation.framework; path = System/Library/Frameworks/Foundation.framework; sourceTree = SDKROOT; };
		CB98064817EEC0840017D644 /* CoreGraphics.framework */ = {isa = PBXFileReference; lastKnownFileType = wrapper.framework; name = CoreGraphics.framework; path = System/Library/Frameworks/CoreGraphics.framework; sourceTree = SDKROOT; };
		CB98064A17EEC0840017D644 /* UIKit.framework */ = {isa = PBXFileReference; lastKnownFileType = wrapper.framework; name = UIKit.framework; path = System/Library/Frameworks/UIKit.framework; sourceTree = SDKROOT; };
		CB98064E17EEC0840017D644 /* BreMensa-Info.plist */ = {isa = PBXFileReference; lastKnownFileType = text.plist.xml; path = "BreMensa-Info.plist"; sourceTree = "<group>"; };
		CB98065017EEC0840017D644 /* en */ = {isa = PBXFileReference; lastKnownFileType = text.plist.strings; name = en; path = en.lproj/InfoPlist.strings; sourceTree = "<group>"; };
		CB98065217EEC0840017D644 /* main.m */ = {isa = PBXFileReference; lastKnownFileType = sourcecode.c.objc; path = main.m; sourceTree = "<group>"; };
		CB98065417EEC0840017D644 /* BreMensa-Prefix.pch */ = {isa = PBXFileReference; lastKnownFileType = sourcecode.c.h; path = "BreMensa-Prefix.pch"; sourceTree = "<group>"; };
		CB98065517EEC0840017D644 /* KPBAppDelegate.h */ = {isa = PBXFileReference; lastKnownFileType = sourcecode.c.h; path = KPBAppDelegate.h; sourceTree = "<group>"; };
		CB98065617EEC0840017D644 /* KPBAppDelegate.m */ = {isa = PBXFileReference; lastKnownFileType = sourcecode.c.objc; path = KPBAppDelegate.m; sourceTree = "<group>"; };
		CB98065817EEC0840017D644 /* Images.xcassets */ = {isa = PBXFileReference; lastKnownFileType = folder.assetcatalog; path = Images.xcassets; sourceTree = "<group>"; };
		CB98065E17EEC0840017D644 /* BreMensaTests.xctest */ = {isa = PBXFileReference; explicitFileType = wrapper.cfbundle; includeInIndex = 0; path = BreMensaTests.xctest; sourceTree = BUILT_PRODUCTS_DIR; };
		CB98065F17EEC0840017D644 /* XCTest.framework */ = {isa = PBXFileReference; lastKnownFileType = wrapper.framework; name = XCTest.framework; path = Library/Frameworks/XCTest.framework; sourceTree = DEVELOPER_DIR; };
		CB98066717EEC0840017D644 /* BreMensaTests-Info.plist */ = {isa = PBXFileReference; lastKnownFileType = text.plist.xml; path = "BreMensaTests-Info.plist"; sourceTree = "<group>"; };
		CB98066917EEC0840017D644 /* en */ = {isa = PBXFileReference; lastKnownFileType = text.plist.strings; name = en; path = en.lproj/InfoPlist.strings; sourceTree = "<group>"; };
		CB98066B17EEC0840017D644 /* BreMensaTests.m */ = {isa = PBXFileReference; lastKnownFileType = sourcecode.c.objc; path = BreMensaTests.m; sourceTree = "<group>"; };
		CB98067517EEC22E0017D644 /* Storyboard_iPhone.storyboard */ = {isa = PBXFileReference; fileEncoding = 4; lastKnownFileType = file.storyboard; path = Storyboard_iPhone.storyboard; sourceTree = "<group>"; };
		CB98067817EEC2A30017D644 /* KPBMensaMenuViewController.h */ = {isa = PBXFileReference; fileEncoding = 4; lastKnownFileType = sourcecode.c.h; path = KPBMensaMenuViewController.h; sourceTree = "<group>"; };
		CB98067917EEC2A30017D644 /* KPBMensaMenuViewController.m */ = {isa = PBXFileReference; fileEncoding = 4; lastKnownFileType = sourcecode.c.objc; path = KPBMensaMenuViewController.m; sourceTree = "<group>"; };
		CB98067C17EEC2BF0017D644 /* KPBMealplanSegue.h */ = {isa = PBXFileReference; fileEncoding = 4; lastKnownFileType = sourcecode.c.h; path = KPBMealplanSegue.h; sourceTree = "<group>"; };
		CB98067D17EEC2BF0017D644 /* KPBMealplanSegue.m */ = {isa = PBXFileReference; fileEncoding = 4; lastKnownFileType = sourcecode.c.objc; path = KPBMealplanSegue.m; sourceTree = "<group>"; };
		CB98067E17EEC2BF0017D644 /* KPBPhoneMealplanPresentationAnimator.h */ = {isa = PBXFileReference; fileEncoding = 4; lastKnownFileType = sourcecode.c.h; path = KPBPhoneMealplanPresentationAnimator.h; sourceTree = "<group>"; };
		CB98067F17EEC2BF0017D644 /* KPBPhoneMealplanPresentationAnimator.m */ = {isa = PBXFileReference; fileEncoding = 4; lastKnownFileType = sourcecode.c.objc; path = KPBPhoneMealplanPresentationAnimator.m; sourceTree = "<group>"; };
		CB98068217EEC2DC0017D644 /* KPBMensa.h */ = {isa = PBXFileReference; fileEncoding = 4; lastKnownFileType = sourcecode.c.h; path = KPBMensa.h; sourceTree = "<group>"; };
		CB98068317EEC2DC0017D644 /* KPBMensa.m */ = {isa = PBXFileReference; fileEncoding = 4; lastKnownFileType = sourcecode.c.objc; path = KPBMensa.m; sourceTree = "<group>"; };
		CB98068417EEC2DC0017D644 /* KPBMealplan.h */ = {isa = PBXFileReference; fileEncoding = 4; lastKnownFileType = sourcecode.c.h; path = KPBMealplan.h; sourceTree = "<group>"; };
		CB98068517EEC2DC0017D644 /* KPBMealplan.m */ = {isa = PBXFileReference; fileEncoding = 4; lastKnownFileType = sourcecode.c.objc; path = KPBMealplan.m; sourceTree = "<group>"; };
		CB98068617EEC2DC0017D644 /* KPBMenu.h */ = {isa = PBXFileReference; fileEncoding = 4; lastKnownFileType = sourcecode.c.h; path = KPBMenu.h; sourceTree = "<group>"; };
		CB98068717EEC2DC0017D644 /* KPBMenu.m */ = {isa = PBXFileReference; fileEncoding = 4; lastKnownFileType = sourcecode.c.objc; path = KPBMenu.m; sourceTree = "<group>"; };
		CB98068817EEC2DC0017D644 /* KPBMeal.h */ = {isa = PBXFileReference; fileEncoding = 4; lastKnownFileType = sourcecode.c.h; path = KPBMeal.h; sourceTree = "<group>"; };
		CB98068917EEC2DC0017D644 /* KPBMeal.m */ = {isa = PBXFileReference; fileEncoding = 4; lastKnownFileType = sourcecode.c.objc; path = KPBMeal.m; sourceTree = "<group>"; };
		CB98068A17EEC2DC0017D644 /* KPBMensaLocationMarker.h */ = {isa = PBXFileReference; fileEncoding = 4; lastKnownFileType = sourcecode.c.h; path = KPBMensaLocationMarker.h; sourceTree = "<group>"; };
		CB98068B17EEC2DC0017D644 /* KPBMensaLocationMarker.m */ = {isa = PBXFileReference; fileEncoding = 4; lastKnownFileType = sourcecode.c.objc; path = KPBMensaLocationMarker.m; sourceTree = "<group>"; };
		CB98068C17EEC2DC0017D644 /* KPBMensaOpeningTime.h */ = {isa = PBXFileReference; fileEncoding = 4; lastKnownFileType = sourcecode.c.h; path = KPBMensaOpeningTime.h; sourceTree = "<group>"; };
		CB98068D17EEC2DC0017D644 /* KPBMensaOpeningTime.m */ = {isa = PBXFileReference; fileEncoding = 4; lastKnownFileType = sourcecode.c.objc; path = KPBMensaOpeningTime.m; sourceTree = "<group>"; };
		CB98068E17EEC2DC0017D644 /* KPBMensaOpeningInfo.h */ = {isa = PBXFileReference; fileEncoding = 4; lastKnownFileType = sourcecode.c.h; path = KPBMensaOpeningInfo.h; sourceTree = "<group>"; };
		CB98068F17EEC2DC0017D644 /* KPBMensaOpeningInfo.m */ = {isa = PBXFileReference; fileEncoding = 4; lastKnownFileType = sourcecode.c.objc; path = KPBMensaOpeningInfo.m; sourceTree = "<group>"; };
		CB98069917EEC31A0017D644 /* KPBMealplanLayout.h */ = {isa = PBXFileReference; fileEncoding = 4; lastKnownFileType = sourcecode.c.h; path = KPBMealplanLayout.h; sourceTree = "<group>"; };
		CB98069A17EEC31A0017D644 /* KPBMealplanLayout.m */ = {isa = PBXFileReference; fileEncoding = 4; lastKnownFileType = sourcecode.c.objc; path = KPBMealplanLayout.m; sourceTree = "<group>"; };
		CB98069B17EEC31A0017D644 /* KPBMealplanLayoutSection.h */ = {isa = PBXFileReference; fileEncoding = 4; lastKnownFileType = sourcecode.c.h; path = KPBMealplanLayoutSection.h; sourceTree = "<group>"; };
		CB98069C17EEC31A0017D644 /* KPBMealplanLayoutSection.m */ = {isa = PBXFileReference; fileEncoding = 4; lastKnownFileType = sourcecode.c.objc; path = KPBMealplanLayoutSection.m; sourceTree = "<group>"; };
		CB98069D17EEC31A0017D644 /* KPBMealCell.h */ = {isa = PBXFileReference; fileEncoding = 4; lastKnownFileType = sourcecode.c.h; path = KPBMealCell.h; sourceTree = "<group>"; };
		CB98069E17EEC31A0017D644 /* KPBMealCell.m */ = {isa = PBXFileReference; fileEncoding = 4; lastKnownFileType = sourcecode.c.objc; path = KPBMealCell.m; sourceTree = "<group>"; };
		CB98069F17EEC31A0017D644 /* KPBMealplanInfoView.h */ = {isa = PBXFileReference; fileEncoding = 4; lastKnownFileType = sourcecode.c.h; path = KPBMealplanInfoView.h; sourceTree = "<group>"; };
		CB9806A017EEC31A0017D644 /* KPBMealplanInfoView.m */ = {isa = PBXFileReference; fileEncoding = 4; lastKnownFileType = sourcecode.c.objc; path = KPBMealplanInfoView.m; sourceTree = "<group>"; };
		CB9806A317EEC31A0017D644 /* KPBMenuHeaderView.h */ = {isa = PBXFileReference; fileEncoding = 4; lastKnownFileType = sourcecode.c.h; path = KPBMenuHeaderView.h; sourceTree = "<group>"; };
		CB9806A417EEC31A0017D644 /* KPBMenuHeaderView.m */ = {isa = PBXFileReference; fileEncoding = 4; lastKnownFileType = sourcecode.c.objc; path = KPBMenuHeaderView.m; sourceTree = "<group>"; };
		CB9806AB17EEC32C0017D644 /* KPBMealplanViewController.h */ = {isa = PBXFileReference; fileEncoding = 4; lastKnownFileType = sourcecode.c.h; path = KPBMealplanViewController.h; sourceTree = "<group>"; };
		CB9806AC17EEC32C0017D644 /* KPBMealplanViewController.m */ = {isa = PBXFileReference; fileEncoding = 4; lastKnownFileType = sourcecode.c.objc; path = KPBMealplanViewController.m; sourceTree = "<group>"; };
		CB9806AD17EEC32C0017D644 /* KPBMensaDetailViewController.h */ = {isa = PBXFileReference; fileEncoding = 4; lastKnownFileType = sourcecode.c.h; path = KPBMensaDetailViewController.h; sourceTree = "<group>"; };
		CB9806AE17EEC32C0017D644 /* KPBMensaDetailViewController.m */ = {isa = PBXFileReference; fileEncoding = 4; lastKnownFileType = sourcecode.c.objc; path = KPBMensaDetailViewController.m; sourceTree = "<group>"; };
		CB9806AF17EEC32C0017D644 /* KPBMoreInfoViewController.h */ = {isa = PBXFileReference; fileEncoding = 4; lastKnownFileType = sourcecode.c.h; path = KPBMoreInfoViewController.h; sourceTree = "<group>"; };
		CB9806B017EEC32C0017D644 /* KPBMoreInfoViewController.m */ = {isa = PBXFileReference; fileEncoding = 4; lastKnownFileType = sourcecode.c.objc; path = KPBMoreInfoViewController.m; sourceTree = "<group>"; };
		CB9806B417EEC43E0017D644 /* NSDate+KPBAdditions.h */ = {isa = PBXFileReference; fileEncoding = 4; lastKnownFileType = sourcecode.c.h; path = "NSDate+KPBAdditions.h"; sourceTree = "<group>"; };
		CB9806B517EEC43E0017D644 /* NSDate+KPBAdditions.m */ = {isa = PBXFileReference; fileEncoding = 4; lastKnownFileType = sourcecode.c.objc; path = "NSDate+KPBAdditions.m"; sourceTree = "<group>"; };
		CB9806B717EEC9880017D644 /* config.plist */ = {isa = PBXFileReference; fileEncoding = 4; lastKnownFileType = text.plist.xml; path = config.plist; sourceTree = "<group>"; };
		CB9806B917EECFDE0017D644 /* NSCalendar+KPBAdditions.h */ = {isa = PBXFileReference; fileEncoding = 4; lastKnownFileType = sourcecode.c.h; path = "NSCalendar+KPBAdditions.h"; sourceTree = "<group>"; };
		CB9806BA17EECFDE0017D644 /* NSCalendar+KPBAdditions.m */ = {isa = PBXFileReference; fileEncoding = 4; lastKnownFileType = sourcecode.c.objc; path = "NSCalendar+KPBAdditions.m"; sourceTree = "<group>"; };
		CB9806BD17EEE09E0017D644 /* MapKit.framework */ = {isa = PBXFileReference; lastKnownFileType = wrapper.framework; name = MapKit.framework; path = System/Library/Frameworks/MapKit.framework; sourceTree = SDKROOT; };
		CB9806BF17EEE0AA0017D644 /* QuartzCore.framework */ = {isa = PBXFileReference; lastKnownFileType = wrapper.framework; name = QuartzCore.framework; path = System/Library/Frameworks/QuartzCore.framework; sourceTree = SDKROOT; };
		CB9806C117EF25E20017D644 /* info.html */ = {isa = PBXFileReference; fileEncoding = 4; lastKnownFileType = text.html; path = info.html; sourceTree = "<group>"; };
		CB98070517F0B57E0017D644 /* SystemConfiguration.framework */ = {isa = PBXFileReference; lastKnownFileType = wrapper.framework; name = SystemConfiguration.framework; path = System/Library/Frameworks/SystemConfiguration.framework; sourceTree = SDKROOT; };
/* End PBXFileReference section */

/* Begin PBXFrameworksBuildPhase section */
		CB98064017EEC0840017D644 /* Frameworks */ = {
			isa = PBXFrameworksBuildPhase;
			buildActionMask = 2147483647;
			files = (
				CB98070617F0B57E0017D644 /* SystemConfiguration.framework in Frameworks */,
				CB9806C017EEE0AA0017D644 /* QuartzCore.framework in Frameworks */,
				CB9806BE17EEE09E0017D644 /* MapKit.framework in Frameworks */,
				CB98064917EEC0840017D644 /* CoreGraphics.framework in Frameworks */,
				CB98064B17EEC0840017D644 /* UIKit.framework in Frameworks */,
				CB98064717EEC0840017D644 /* Foundation.framework in Frameworks */,
				89750CD7CCA144BCB9858C10 /* libPods.a in Frameworks */,
			);
			runOnlyForDeploymentPostprocessing = 0;
		};
		CB98065B17EEC0840017D644 /* Frameworks */ = {
			isa = PBXFrameworksBuildPhase;
			buildActionMask = 2147483647;
			files = (
				CB98066017EEC0840017D644 /* XCTest.framework in Frameworks */,
				CB98066217EEC0840017D644 /* UIKit.framework in Frameworks */,
				CB98066117EEC0840017D644 /* Foundation.framework in Frameworks */,
			);
			runOnlyForDeploymentPostprocessing = 0;
		};
/* End PBXFrameworksBuildPhase section */

/* Begin PBXGroup section */
		CB98063A17EEC0840017D644 = {
			isa = PBXGroup;
			children = (
				CB98064C17EEC0840017D644 /* BreMensa */,
				CB98066517EEC0840017D644 /* BreMensaTests */,
				CB98064517EEC0840017D644 /* Frameworks */,
				CB98064417EEC0840017D644 /* Products */,
				25F411563D854C0089CBCF02 /* Pods.xcconfig */,
			);
			sourceTree = "<group>";
		};
		CB98064417EEC0840017D644 /* Products */ = {
			isa = PBXGroup;
			children = (
				CB98064317EEC0840017D644 /* BreMensa.app */,
				CB98065E17EEC0840017D644 /* BreMensaTests.xctest */,
			);
			name = Products;
			sourceTree = "<group>";
		};
		CB98064517EEC0840017D644 /* Frameworks */ = {
			isa = PBXGroup;
			children = (
				CB98070517F0B57E0017D644 /* SystemConfiguration.framework */,
				CB9806BF17EEE0AA0017D644 /* QuartzCore.framework */,
				CB9806BD17EEE09E0017D644 /* MapKit.framework */,
				CB98064617EEC0840017D644 /* Foundation.framework */,
				CB98064817EEC0840017D644 /* CoreGraphics.framework */,
				CB98064A17EEC0840017D644 /* UIKit.framework */,
				CB98065F17EEC0840017D644 /* XCTest.framework */,
				379672A3B97448C085FD2FFD /* libPods.a */,
			);
			name = Frameworks;
			sourceTree = "<group>";
		};
		CB98064C17EEC0840017D644 /* BreMensa */ = {
			isa = PBXGroup;
			children = (
				CB98067717EEC26F0017D644 /* Classes */,
				CB98067517EEC22E0017D644 /* Storyboard_iPhone.storyboard */,
				CB9806B717EEC9880017D644 /* config.plist */,
				CB9806C117EF25E20017D644 /* info.html */,
				CB98065517EEC0840017D644 /* KPBAppDelegate.h */,
				CB98065617EEC0840017D644 /* KPBAppDelegate.m */,
				CB98065817EEC0840017D644 /* Images.xcassets */,
				CB98064D17EEC0840017D644 /* Supporting Files */,
			);
			path = BreMensa;
			sourceTree = "<group>";
		};
		CB98064D17EEC0840017D644 /* Supporting Files */ = {
			isa = PBXGroup;
			children = (
				CB98064E17EEC0840017D644 /* BreMensa-Info.plist */,
				CB98064F17EEC0840017D644 /* InfoPlist.strings */,
				CB98065217EEC0840017D644 /* main.m */,
				CB98065417EEC0840017D644 /* BreMensa-Prefix.pch */,
			);
			name = "Supporting Files";
			sourceTree = "<group>";
		};
		CB98066517EEC0840017D644 /* BreMensaTests */ = {
			isa = PBXGroup;
			children = (
				CB98066B17EEC0840017D644 /* BreMensaTests.m */,
				CB98066617EEC0840017D644 /* Supporting Files */,
			);
			path = BreMensaTests;
			sourceTree = "<group>";
		};
		CB98066617EEC0840017D644 /* Supporting Files */ = {
			isa = PBXGroup;
			children = (
				CB98066717EEC0840017D644 /* BreMensaTests-Info.plist */,
				CB98066817EEC0840017D644 /* InfoPlist.strings */,
			);
			name = "Supporting Files";
			sourceTree = "<group>";
		};
		CB98067717EEC26F0017D644 /* Classes */ = {
			isa = PBXGroup;
			children = (
				CB9806BC17EED0860017D644 /* Categories */,
				CB98069817EEC3060017D644 /* View */,
				CB98069717EEC2E00017D644 /* Model */,
				CB98068A17EEC2DC0017D644 /* KPBMensaLocationMarker.h */,
				CB98068B17EEC2DC0017D644 /* KPBMensaLocationMarker.m */,
				CB98067817EEC2A30017D644 /* KPBMensaMenuViewController.h */,
				CB98067917EEC2A30017D644 /* KPBMensaMenuViewController.m */,
				CB98067C17EEC2BF0017D644 /* KPBMealplanSegue.h */,
				CB98067D17EEC2BF0017D644 /* KPBMealplanSegue.m */,
				CB98067E17EEC2BF0017D644 /* KPBPhoneMealplanPresentationAnimator.h */,
				CB98067F17EEC2BF0017D644 /* KPBPhoneMealplanPresentationAnimator.m */,
				CB9806AB17EEC32C0017D644 /* KPBMealplanViewController.h */,
				CB9806AC17EEC32C0017D644 /* KPBMealplanViewController.m */,
				CB9806AD17EEC32C0017D644 /* KPBMensaDetailViewController.h */,
				CB9806AE17EEC32C0017D644 /* KPBMensaDetailViewController.m */,
				CB9806AF17EEC32C0017D644 /* KPBMoreInfoViewController.h */,
				CB9806B017EEC32C0017D644 /* KPBMoreInfoViewController.m */,
			);
			name = Classes;
			sourceTree = "<group>";
		};
		CB98069717EEC2E00017D644 /* Model */ = {
			isa = PBXGroup;
			children = (
				CB98068217EEC2DC0017D644 /* KPBMensa.h */,
				CB98068317EEC2DC0017D644 /* KPBMensa.m */,
				CB98068417EEC2DC0017D644 /* KPBMealplan.h */,
				CB98068517EEC2DC0017D644 /* KPBMealplan.m */,
				CB98068617EEC2DC0017D644 /* KPBMenu.h */,
				CB98068717EEC2DC0017D644 /* KPBMenu.m */,
				CB98068817EEC2DC0017D644 /* KPBMeal.h */,
				CB98068917EEC2DC0017D644 /* KPBMeal.m */,
				CB98068C17EEC2DC0017D644 /* KPBMensaOpeningTime.h */,
				CB98068D17EEC2DC0017D644 /* KPBMensaOpeningTime.m */,
				CB98068E17EEC2DC0017D644 /* KPBMensaOpeningInfo.h */,
				CB98068F17EEC2DC0017D644 /* KPBMensaOpeningInfo.m */,
			);
			name = Model;
			sourceTree = "<group>";
		};
		CB98069817EEC3060017D644 /* View */ = {
			isa = PBXGroup;
			children = (
				CB98069917EEC31A0017D644 /* KPBMealplanLayout.h */,
				CB98069A17EEC31A0017D644 /* KPBMealplanLayout.m */,
				CB98069B17EEC31A0017D644 /* KPBMealplanLayoutSection.h */,
				CB98069C17EEC31A0017D644 /* KPBMealplanLayoutSection.m */,
				CB98069D17EEC31A0017D644 /* KPBMealCell.h */,
				CB98069E17EEC31A0017D644 /* KPBMealCell.m */,
				CB98069F17EEC31A0017D644 /* KPBMealplanInfoView.h */,
				CB9806A017EEC31A0017D644 /* KPBMealplanInfoView.m */,
				CB9806A317EEC31A0017D644 /* KPBMenuHeaderView.h */,
				CB9806A417EEC31A0017D644 /* KPBMenuHeaderView.m */,
			);
			name = View;
			sourceTree = "<group>";
		};
		CB9806BC17EED0860017D644 /* Categories */ = {
			isa = PBXGroup;
			children = (
				CB9806B917EECFDE0017D644 /* NSCalendar+KPBAdditions.h */,
				CB9806BA17EECFDE0017D644 /* NSCalendar+KPBAdditions.m */,
				CB9806B417EEC43E0017D644 /* NSDate+KPBAdditions.h */,
				CB9806B517EEC43E0017D644 /* NSDate+KPBAdditions.m */,
			);
			name = Categories;
			sourceTree = "<group>";
		};
/* End PBXGroup section */

/* Begin PBXNativeTarget section */
		CB98064217EEC0840017D644 /* BreMensa */ = {
			isa = PBXNativeTarget;
			buildConfigurationList = CB98066F17EEC0840017D644 /* Build configuration list for PBXNativeTarget "BreMensa" */;
			buildPhases = (
				9DE7EDE4A4CD4F38BA75CB48 /* Check Pods Manifest.lock */,
				CB98063F17EEC0840017D644 /* Sources */,
				CB98064017EEC0840017D644 /* Frameworks */,
				CB98064117EEC0840017D644 /* Resources */,
				53082D6432814FB39D205FF8 /* Copy Pods Resources */,
			);
			buildRules = (
			);
			dependencies = (
			);
			name = BreMensa;
			productName = BreMensa;
			productReference = CB98064317EEC0840017D644 /* BreMensa.app */;
			productType = "com.apple.product-type.application";
		};
		CB98065D17EEC0840017D644 /* BreMensaTests */ = {
			isa = PBXNativeTarget;
			buildConfigurationList = CB98067217EEC0840017D644 /* Build configuration list for PBXNativeTarget "BreMensaTests" */;
			buildPhases = (
				CB98065A17EEC0840017D644 /* Sources */,
				CB98065B17EEC0840017D644 /* Frameworks */,
				CB98065C17EEC0840017D644 /* Resources */,
			);
			buildRules = (
			);
			dependencies = (
				CB98066417EEC0840017D644 /* PBXTargetDependency */,
			);
			name = BreMensaTests;
			productName = BreMensaTests;
			productReference = CB98065E17EEC0840017D644 /* BreMensaTests.xctest */;
			productType = "com.apple.product-type.bundle.unit-test";
		};
/* End PBXNativeTarget section */

/* Begin PBXProject section */
		CB98063B17EEC0840017D644 /* Project object */ = {
			isa = PBXProject;
			attributes = {
				CLASSPREFIX = KPB;
				LastUpgradeCheck = 0500;
				ORGANIZATIONNAME = "Karl Bode";
				TargetAttributes = {
					CB98064217EEC0840017D644 = {
						DevelopmentTeam = 54P5ZF49BC;
					};
					CB98065D17EEC0840017D644 = {
						TestTargetID = CB98064217EEC0840017D644;
					};
				};
			};
			buildConfigurationList = CB98063E17EEC0840017D644 /* Build configuration list for PBXProject "BreMensa" */;
			compatibilityVersion = "Xcode 3.2";
			developmentRegion = English;
			hasScannedForEncodings = 0;
			knownRegions = (
				en,
			);
			mainGroup = CB98063A17EEC0840017D644;
			productRefGroup = CB98064417EEC0840017D644 /* Products */;
			projectDirPath = "";
			projectRoot = "";
			targets = (
				CB98064217EEC0840017D644 /* BreMensa */,
				CB98065D17EEC0840017D644 /* BreMensaTests */,
			);
		};
/* End PBXProject section */

/* Begin PBXResourcesBuildPhase section */
		CB98064117EEC0840017D644 /* Resources */ = {
			isa = PBXResourcesBuildPhase;
			buildActionMask = 2147483647;
			files = (
				CB9806B817EEC9880017D644 /* config.plist in Resources */,
				CB98065117EEC0840017D644 /* InfoPlist.strings in Resources */,
				CB98067617EEC22E0017D644 /* Storyboard_iPhone.storyboard in Resources */,
				CB9806C217EF25E20017D644 /* info.html in Resources */,
				CB98065917EEC0840017D644 /* Images.xcassets in Resources */,
			);
			runOnlyForDeploymentPostprocessing = 0;
		};
		CB98065C17EEC0840017D644 /* Resources */ = {
			isa = PBXResourcesBuildPhase;
			buildActionMask = 2147483647;
			files = (
				CB98066A17EEC0840017D644 /* InfoPlist.strings in Resources */,
			);
			runOnlyForDeploymentPostprocessing = 0;
		};
/* End PBXResourcesBuildPhase section */

/* Begin PBXShellScriptBuildPhase section */
		53082D6432814FB39D205FF8 /* Copy Pods Resources */ = {
			isa = PBXShellScriptBuildPhase;
			buildActionMask = 2147483647;
			files = (
			);
			inputPaths = (
			);
			name = "Copy Pods Resources";
			outputPaths = (
			);
			runOnlyForDeploymentPostprocessing = 0;
			shellPath = /bin/sh;
			shellScript = "\"${SRCROOT}/Pods/Pods-resources.sh\"\n";
			showEnvVarsInLog = 0;
		};
		9DE7EDE4A4CD4F38BA75CB48 /* Check Pods Manifest.lock */ = {
			isa = PBXShellScriptBuildPhase;
			buildActionMask = 2147483647;
			files = (
			);
			inputPaths = (
			);
			name = "Check Pods Manifest.lock";
			outputPaths = (
			);
			runOnlyForDeploymentPostprocessing = 0;
			shellPath = /bin/sh;
			shellScript = "diff \"${PODS_ROOT}/../Podfile.lock\" \"${PODS_ROOT}/Manifest.lock\" > /dev/null\nif [[ $? != 0 ]] ; then\n    cat << EOM\nerror: The sandbox is not in sync with the Podfile.lock. Run 'pod install' or update your CocoaPods installation.\nEOM\n    exit 1\nfi\n";
			showEnvVarsInLog = 0;
		};
/* End PBXShellScriptBuildPhase section */

/* Begin PBXSourcesBuildPhase section */
		CB98063F17EEC0840017D644 /* Sources */ = {
			isa = PBXSourcesBuildPhase;
			buildActionMask = 2147483647;
			files = (
				CB98069317EEC2DC0017D644 /* KPBMeal.m in Sources */,
				CB98069617EEC2DC0017D644 /* KPBMensaOpeningInfo.m in Sources */,
				CB98069017EEC2DC0017D644 /* KPBMensa.m in Sources */,
				CB98065717EEC0840017D644 /* KPBAppDelegate.m in Sources */,
				CB9806B317EEC32C0017D644 /* KPBMoreInfoViewController.m in Sources */,
				CB9806B217EEC32C0017D644 /* KPBMensaDetailViewController.m in Sources */,
				CB98068117EEC2BF0017D644 /* KPBPhoneMealplanPresentationAnimator.m in Sources */,
				CB9806B117EEC32C0017D644 /* KPBMealplanViewController.m in Sources */,
				CB98068017EEC2BF0017D644 /* KPBMealplanSegue.m in Sources */,
				CB98069117EEC2DC0017D644 /* KPBMealplan.m in Sources */,
				CB9806AA17EEC31A0017D644 /* KPBMenuHeaderView.m in Sources */,
				CB98065317EEC0840017D644 /* main.m in Sources */,
				CB98069217EEC2DC0017D644 /* KPBMenu.m in Sources */,
				CB9806BB17EECFDE0017D644 /* NSCalendar+KPBAdditions.m in Sources */,
				CB98067A17EEC2A30017D644 /* KPBMensaMenuViewController.m in Sources */,
				CB98069417EEC2DC0017D644 /* KPBMensaLocationMarker.m in Sources */,
				CB9806A617EEC31A0017D644 /* KPBMealplanLayoutSection.m in Sources */,
				CB9806A717EEC31A0017D644 /* KPBMealCell.m in Sources */,
				CB98069517EEC2DC0017D644 /* KPBMensaOpeningTime.m in Sources */,
				CB9806B617EEC43E0017D644 /* NSDate+KPBAdditions.m in Sources */,
				CB9806A817EEC31A0017D644 /* KPBMealplanInfoView.m in Sources */,
				CB9806A517EEC31A0017D644 /* KPBMealplanLayout.m in Sources */,
			);
			runOnlyForDeploymentPostprocessing = 0;
		};
		CB98065A17EEC0840017D644 /* Sources */ = {
			isa = PBXSourcesBuildPhase;
			buildActionMask = 2147483647;
			files = (
				CB98066C17EEC0840017D644 /* BreMensaTests.m in Sources */,
			);
			runOnlyForDeploymentPostprocessing = 0;
		};
/* End PBXSourcesBuildPhase section */

/* Begin PBXTargetDependency section */
		CB98066417EEC0840017D644 /* PBXTargetDependency */ = {
			isa = PBXTargetDependency;
			target = CB98064217EEC0840017D644 /* BreMensa */;
			targetProxy = CB98066317EEC0840017D644 /* PBXContainerItemProxy */;
		};
/* End PBXTargetDependency section */

/* Begin PBXVariantGroup section */
		CB98064F17EEC0840017D644 /* InfoPlist.strings */ = {
			isa = PBXVariantGroup;
			children = (
				CB98065017EEC0840017D644 /* en */,
			);
			name = InfoPlist.strings;
			sourceTree = "<group>";
		};
		CB98066817EEC0840017D644 /* InfoPlist.strings */ = {
			isa = PBXVariantGroup;
			children = (
				CB98066917EEC0840017D644 /* en */,
			);
			name = InfoPlist.strings;
			sourceTree = "<group>";
		};
/* End PBXVariantGroup section */

/* Begin XCBuildConfiguration section */
		CB98066D17EEC0840017D644 /* Debug */ = {
			isa = XCBuildConfiguration;
			buildSettings = {
				ALWAYS_SEARCH_USER_PATHS = NO;
				ARCHS = "$(ARCHS_STANDARD_INCLUDING_64_BIT)";
				CLANG_CXX_LANGUAGE_STANDARD = "gnu++0x";
				CLANG_CXX_LIBRARY = "libc++";
				CLANG_ENABLE_MODULES = YES;
				CLANG_ENABLE_OBJC_ARC = YES;
				CLANG_WARN_BOOL_CONVERSION = YES;
				CLANG_WARN_CONSTANT_CONVERSION = YES;
				CLANG_WARN_DIRECT_OBJC_ISA_USAGE = YES_ERROR;
				CLANG_WARN_EMPTY_BODY = YES;
				CLANG_WARN_ENUM_CONVERSION = YES;
				CLANG_WARN_INT_CONVERSION = YES;
				CLANG_WARN_OBJC_ROOT_CLASS = YES_ERROR;
				CLANG_WARN__DUPLICATE_METHOD_MATCH = YES;
				"CODE_SIGN_IDENTITY[sdk=iphoneos*]" = "iPhone Developer";
				COPY_PHASE_STRIP = NO;
				GCC_C_LANGUAGE_STANDARD = gnu99;
				GCC_DYNAMIC_NO_PIC = NO;
				GCC_OPTIMIZATION_LEVEL = 0;
				GCC_PREPROCESSOR_DEFINITIONS = (
					"DEBUG=1",
					"$(inherited)",
				);
				GCC_SYMBOLS_PRIVATE_EXTERN = NO;
				GCC_WARN_64_TO_32_BIT_CONVERSION = YES;
				GCC_WARN_ABOUT_RETURN_TYPE = YES_ERROR;
				GCC_WARN_UNDECLARED_SELECTOR = YES;
				GCC_WARN_UNINITIALIZED_AUTOS = YES;
				GCC_WARN_UNUSED_FUNCTION = YES;
				GCC_WARN_UNUSED_VARIABLE = YES;
				IPHONEOS_DEPLOYMENT_TARGET = 7.0;
				ONLY_ACTIVE_ARCH = YES;
				SDKROOT = iphoneos;
			};
			name = Debug;
		};
		CB98066E17EEC0840017D644 /* Release */ = {
			isa = XCBuildConfiguration;
			buildSettings = {
				ALWAYS_SEARCH_USER_PATHS = NO;
				ARCHS = "$(ARCHS_STANDARD_INCLUDING_64_BIT)";
				CLANG_CXX_LANGUAGE_STANDARD = "gnu++0x";
				CLANG_CXX_LIBRARY = "libc++";
				CLANG_ENABLE_MODULES = YES;
				CLANG_ENABLE_OBJC_ARC = YES;
				CLANG_WARN_BOOL_CONVERSION = YES;
				CLANG_WARN_CONSTANT_CONVERSION = YES;
				CLANG_WARN_DIRECT_OBJC_ISA_USAGE = YES_ERROR;
				CLANG_WARN_EMPTY_BODY = YES;
				CLANG_WARN_ENUM_CONVERSION = YES;
				CLANG_WARN_INT_CONVERSION = YES;
				CLANG_WARN_OBJC_ROOT_CLASS = YES_ERROR;
				CLANG_WARN__DUPLICATE_METHOD_MATCH = YES;
				"CODE_SIGN_IDENTITY[sdk=iphoneos*]" = "iPhone Developer";
				COPY_PHASE_STRIP = YES;
				ENABLE_NS_ASSERTIONS = NO;
				GCC_C_LANGUAGE_STANDARD = gnu99;
				GCC_WARN_64_TO_32_BIT_CONVERSION = YES;
				GCC_WARN_ABOUT_RETURN_TYPE = YES_ERROR;
				GCC_WARN_UNDECLARED_SELECTOR = YES;
				GCC_WARN_UNINITIALIZED_AUTOS = YES;
				GCC_WARN_UNUSED_FUNCTION = YES;
				GCC_WARN_UNUSED_VARIABLE = YES;
				IPHONEOS_DEPLOYMENT_TARGET = 7.0;
				SDKROOT = iphoneos;
				VALIDATE_PRODUCT = YES;
			};
			name = Release;
		};
		CB98067017EEC0840017D644 /* Debug */ = {
			isa = XCBuildConfiguration;
			baseConfigurationReference = 25F411563D854C0089CBCF02 /* Pods.xcconfig */;
			buildSettings = {
				ARCHS = "$(ARCHS_STANDARD)";
				ASSETCATALOG_COMPILER_APPICON_NAME = AppIcon;
				ASSETCATALOG_COMPILER_LAUNCHIMAGE_NAME = LaunchImage;
				CODE_SIGN_IDENTITY = "iPhone Developer";
				GCC_PRECOMPILE_PREFIX_HEADER = YES;
				GCC_PREFIX_HEADER = "BreMensa/BreMensa-Prefix.pch";
				INFOPLIST_FILE = "BreMensa/BreMensa-Info.plist";
				PRODUCT_NAME = "$(TARGET_NAME)";
				WRAPPER_EXTENSION = app;
			};
			name = Debug;
		};
		CB98067117EEC0840017D644 /* Release */ = {
			isa = XCBuildConfiguration;
			baseConfigurationReference = 25F411563D854C0089CBCF02 /* Pods.xcconfig */;
			buildSettings = {
				ARCHS = "$(ARCHS_STANDARD)";
				ASSETCATALOG_COMPILER_APPICON_NAME = AppIcon;
				ASSETCATALOG_COMPILER_LAUNCHIMAGE_NAME = LaunchImage;
				CODE_SIGN_IDENTITY = "iPhone Developer";
				GCC_PRECOMPILE_PREFIX_HEADER = YES;
				GCC_PREFIX_HEADER = "BreMensa/BreMensa-Prefix.pch";
				INFOPLIST_FILE = "BreMensa/BreMensa-Info.plist";
				PRODUCT_NAME = "$(TARGET_NAME)";
				WRAPPER_EXTENSION = app;
			};
			name = Release;
		};
		CB98067317EEC0840017D644 /* Debug */ = {
			isa = XCBuildConfiguration;
			buildSettings = {
				ARCHS = "$(ARCHS_STANDARD_INCLUDING_64_BIT)";
				BUNDLE_LOADER = "$(BUILT_PRODUCTS_DIR)/BreMensa.app/BreMensa";
				FRAMEWORK_SEARCH_PATHS = (
					"$(SDKROOT)/Developer/Library/Frameworks",
					"$(inherited)",
					"$(DEVELOPER_FRAMEWORKS_DIR)",
				);
				GCC_PRECOMPILE_PREFIX_HEADER = YES;
				GCC_PREFIX_HEADER = "BreMensa/BreMensa-Prefix.pch";
				GCC_PREPROCESSOR_DEFINITIONS = (
					"DEBUG=1",
					"$(inherited)",
				);
				INFOPLIST_FILE = "BreMensaTests/BreMensaTests-Info.plist";
				PRODUCT_NAME = "$(TARGET_NAME)";
				TEST_HOST = "$(BUNDLE_LOADER)";
				WRAPPER_EXTENSION = xctest;
			};
			name = Debug;
		};
		CB98067417EEC0840017D644 /* Release */ = {
			isa = XCBuildConfiguration;
			buildSettings = {
				ARCHS = "$(ARCHS_STANDARD_INCLUDING_64_BIT)";
				BUNDLE_LOADER = "$(BUILT_PRODUCTS_DIR)/BreMensa.app/BreMensa";
				FRAMEWORK_SEARCH_PATHS = (
					"$(SDKROOT)/Developer/Library/Frameworks",
					"$(inherited)",
					"$(DEVELOPER_FRAMEWORKS_DIR)",
				);
				GCC_PRECOMPILE_PREFIX_HEADER = YES;
				GCC_PREFIX_HEADER = "BreMensa/BreMensa-Prefix.pch";
				INFOPLIST_FILE = "BreMensaTests/BreMensaTests-Info.plist";
				PRODUCT_NAME = "$(TARGET_NAME)";
				TEST_HOST = "$(BUNDLE_LOADER)";
				WRAPPER_EXTENSION = xctest;
			};
			name = Release;
		};
/* End XCBuildConfiguration section */

/* Begin XCConfigurationList section */
		CB98063E17EEC0840017D644 /* Build configuration list for PBXProject "BreMensa" */ = {
			isa = XCConfigurationList;
			buildConfigurations = (
				CB98066D17EEC0840017D644 /* Debug */,
				CB98066E17EEC0840017D644 /* Release */,
			);
			defaultConfigurationIsVisible = 0;
			defaultConfigurationName = Release;
		};
		CB98066F17EEC0840017D644 /* Build configuration list for PBXNativeTarget "BreMensa" */ = {
			isa = XCConfigurationList;
			buildConfigurations = (
				CB98067017EEC0840017D644 /* Debug */,
				CB98067117EEC0840017D644 /* Release */,
			);
			defaultConfigurationIsVisible = 0;
			defaultConfigurationName = Release;
		};
		CB98067217EEC0840017D644 /* Build configuration list for PBXNativeTarget "BreMensaTests" */ = {
			isa = XCConfigurationList;
			buildConfigurations = (
				CB98067317EEC0840017D644 /* Debug */,
				CB98067417EEC0840017D644 /* Release */,
			);
			defaultConfigurationIsVisible = 0;
			defaultConfigurationName = Release;
		};
/* End XCConfigurationList section */
	};
	rootObject = CB98063B17EEC0840017D644 /* Project object */;
}
