// !$*UTF8*$!
{
	archiveVersion = 1;
	classes = {
	};
	objectVersion = 46;
	objects = {

/* Begin PBXBuildFile section */
		1043BDAFD1A9465FAE0B4DCC /* libPods-Revealing.a in Frameworks */ = {isa = PBXBuildFile; fileRef = 1EE46F4E548F482A82639862 /* libPods-Revealing.a */; };
		89750CD7CCA144BCB9858C10 /* libPods.a in Frameworks */ = {isa = PBXBuildFile; fileRef = 379672A3B97448C085FD2FFD /* libPods.a */; };
		CB308633183BFAA800648D95 /* invalid_mealplan.json in Resources */ = {isa = PBXBuildFile; fileRef = CB308632183BFAA800648D95 /* invalid_mealplan.json */; };
		CB98064717EEC0840017D644 /* Foundation.framework in Frameworks */ = {isa = PBXBuildFile; fileRef = CB98064617EEC0840017D644 /* Foundation.framework */; };
		CB98064917EEC0840017D644 /* CoreGraphics.framework in Frameworks */ = {isa = PBXBuildFile; fileRef = CB98064817EEC0840017D644 /* CoreGraphics.framework */; };
		CB98064B17EEC0840017D644 /* UIKit.framework in Frameworks */ = {isa = PBXBuildFile; fileRef = CB98064A17EEC0840017D644 /* UIKit.framework */; };
		CB98065117EEC0840017D644 /* InfoPlist.strings in Resources */ = {isa = PBXBuildFile; fileRef = CB98064F17EEC0840017D644 /* InfoPlist.strings */; };
		CB98065317EEC0840017D644 /* main.m in Sources */ = {isa = PBXBuildFile; fileRef = CB98065217EEC0840017D644 /* main.m */; };
		CB98065717EEC0840017D644 /* KPBAppDelegate.m in Sources */ = {isa = PBXBuildFile; fileRef = CB98065617EEC0840017D644 /* KPBAppDelegate.m */; };
		CB98065917EEC0840017D644 /* Images.xcassets in Resources */ = {isa = PBXBuildFile; fileRef = CB98065817EEC0840017D644 /* Images.xcassets */; };
		CB98066017EEC0840017D644 /* XCTest.framework in Frameworks */ = {isa = PBXBuildFile; fileRef = CB98065F17EEC0840017D644 /* XCTest.framework */; };
		CB98066117EEC0840017D644 /* Foundation.framework in Frameworks */ = {isa = PBXBuildFile; fileRef = CB98064617EEC0840017D644 /* Foundation.framework */; };
		CB98066217EEC0840017D644 /* UIKit.framework in Frameworks */ = {isa = PBXBuildFile; fileRef = CB98064A17EEC0840017D644 /* UIKit.framework */; };
		CB98066A17EEC0840017D644 /* InfoPlist.strings in Resources */ = {isa = PBXBuildFile; fileRef = CB98066817EEC0840017D644 /* InfoPlist.strings */; };
		CB98066C17EEC0840017D644 /* BreMensaTests.m in Sources */ = {isa = PBXBuildFile; fileRef = CB98066B17EEC0840017D644 /* BreMensaTests.m */; };
		CB98067A17EEC2A30017D644 /* KPBMensaMenuViewController.m in Sources */ = {isa = PBXBuildFile; fileRef = CB98067917EEC2A30017D644 /* KPBMensaMenuViewController.m */; };
		CB98068017EEC2BF0017D644 /* KPBMealplanSegue.m in Sources */ = {isa = PBXBuildFile; fileRef = CB98067D17EEC2BF0017D644 /* KPBMealplanSegue.m */; };
		CB98068117EEC2BF0017D644 /* KPBPhoneMealplanPresentationAnimator.m in Sources */ = {isa = PBXBuildFile; fileRef = CB98067F17EEC2BF0017D644 /* KPBPhoneMealplanPresentationAnimator.m */; };
		CB98069017EEC2DC0017D644 /* KPBMensa.m in Sources */ = {isa = PBXBuildFile; fileRef = CB98068317EEC2DC0017D644 /* KPBMensa.m */; };
		CB98069117EEC2DC0017D644 /* KPBMealplan.m in Sources */ = {isa = PBXBuildFile; fileRef = CB98068517EEC2DC0017D644 /* KPBMealplan.m */; };
		CB98069217EEC2DC0017D644 /* KPBMenu.m in Sources */ = {isa = PBXBuildFile; fileRef = CB98068717EEC2DC0017D644 /* KPBMenu.m */; };
		CB98069317EEC2DC0017D644 /* KPBMeal.m in Sources */ = {isa = PBXBuildFile; fileRef = CB98068917EEC2DC0017D644 /* KPBMeal.m */; };
		CB98069417EEC2DC0017D644 /* KPBMensaLocationMarker.m in Sources */ = {isa = PBXBuildFile; fileRef = CB98068B17EEC2DC0017D644 /* KPBMensaLocationMarker.m */; };
		CB98069517EEC2DC0017D644 /* KPBMensaOpeningTime.m in Sources */ = {isa = PBXBuildFile; fileRef = CB98068D17EEC2DC0017D644 /* KPBMensaOpeningTime.m */; };
		CB98069617EEC2DC0017D644 /* KPBMensaOpeningInfo.m in Sources */ = {isa = PBXBuildFile; fileRef = CB98068F17EEC2DC0017D644 /* KPBMensaOpeningInfo.m */; };
		CB9806A517EEC31A0017D644 /* KPBMealplanLayout.m in Sources */ = {isa = PBXBuildFile; fileRef = CB98069A17EEC31A0017D644 /* KPBMealplanLayout.m */; };
		CB9806A617EEC31A0017D644 /* KPBMealplanLayoutSection.m in Sources */ = {isa = PBXBuildFile; fileRef = CB98069C17EEC31A0017D644 /* KPBMealplanLayoutSection.m */; };
		CB9806A717EEC31A0017D644 /* KPBMealCell.m in Sources */ = {isa = PBXBuildFile; fileRef = CB98069E17EEC31A0017D644 /* KPBMealCell.m */; };
		CB9806A817EEC31A0017D644 /* KPBMealplanInfoView.m in Sources */ = {isa = PBXBuildFile; fileRef = CB9806A017EEC31A0017D644 /* KPBMealplanInfoView.m */; };
		CB9806AA17EEC31A0017D644 /* KPBMenuHeaderView.m in Sources */ = {isa = PBXBuildFile; fileRef = CB9806A417EEC31A0017D644 /* KPBMenuHeaderView.m */; };
		CB9806B117EEC32C0017D644 /* KPBMealplanViewController.m in Sources */ = {isa = PBXBuildFile; fileRef = CB9806AC17EEC32C0017D644 /* KPBMealplanViewController.m */; };
		CB9806B217EEC32C0017D644 /* KPBMensaDetailViewController.m in Sources */ = {isa = PBXBuildFile; fileRef = CB9806AE17EEC32C0017D644 /* KPBMensaDetailViewController.m */; };
		CB9806B317EEC32C0017D644 /* KPBMoreInfoViewController.m in Sources */ = {isa = PBXBuildFile; fileRef = CB9806B017EEC32C0017D644 /* KPBMoreInfoViewController.m */; };
		CB9806B617EEC43E0017D644 /* NSDate+KPBAdditions.m in Sources */ = {isa = PBXBuildFile; fileRef = CB9806B517EEC43E0017D644 /* NSDate+KPBAdditions.m */; };
		CB9806B817EEC9880017D644 /* config.plist in Resources */ = {isa = PBXBuildFile; fileRef = CB9806B717EEC9880017D644 /* config.plist */; };
		CB9806BB17EECFDE0017D644 /* NSCalendar+KPBAdditions.m in Sources */ = {isa = PBXBuildFile; fileRef = CB9806BA17EECFDE0017D644 /* NSCalendar+KPBAdditions.m */; };
		CB9806BE17EEE09E0017D644 /* MapKit.framework in Frameworks */ = {isa = PBXBuildFile; fileRef = CB9806BD17EEE09E0017D644 /* MapKit.framework */; };
		CB9806C017EEE0AA0017D644 /* QuartzCore.framework in Frameworks */ = {isa = PBXBuildFile; fileRef = CB9806BF17EEE0AA0017D644 /* QuartzCore.framework */; };
		CB98070617F0B57E0017D644 /* SystemConfiguration.framework in Frameworks */ = {isa = PBXBuildFile; fileRef = CB98070517F0B57E0017D644 /* SystemConfiguration.framework */; };
		CB98070A17F1C0C90017D644 /* Localizable.strings in Resources */ = {isa = PBXBuildFile; fileRef = CB98070C17F1C0C90017D644 /* Localizable.strings */; };
		CB98071017F1C1580017D644 /* info.html in Resources */ = {isa = PBXBuildFile; fileRef = CB98071217F1C1580017D644 /* info.html */; };
		CB98071517F1C5EA0017D644 /* Settings.bundle in Resources */ = {isa = PBXBuildFile; fileRef = CB98071417F1C5EA0017D644 /* Settings.bundle */; };
		CB98071817F1CC830017D644 /* KPBAppConfig.m in Sources */ = {isa = PBXBuildFile; fileRef = CB98071717F1CC830017D644 /* KPBAppConfig.m */; };
		CB98071A17F1D3100017D644 /* AVFoundation.framework in Frameworks */ = {isa = PBXBuildFile; fileRef = CB98071917F1D3100017D644 /* AVFoundation.framework */; };
		CB9E57FD17F56E0F00943829 /* apiKeys.plist in Resources */ = {isa = PBXBuildFile; fileRef = CB9E57FC17F56E0F00943829 /* apiKeys.plist */; };
		CB9E57FE17F574A500943829 /* Storyboard_iPhone.storyboard in Resources */ = {isa = PBXBuildFile; fileRef = CB9E580017F574A500943829 /* Storyboard_iPhone.storyboard */; };
		CBD19B9B17F7FFF60060820D /* StoreKit.framework in Frameworks */ = {isa = PBXBuildFile; fileRef = CBD19B9A17F7FFF60060820D /* StoreKit.framework */; };
		CBD19B9F17F832EC0060820D /* KPBMeal.m in Sources */ = {isa = PBXBuildFile; fileRef = CB98068917EEC2DC0017D644 /* KPBMeal.m */; };
		CBD19BA017F832EC0060820D /* KPBMensaOpeningInfo.m in Sources */ = {isa = PBXBuildFile; fileRef = CB98068F17EEC2DC0017D644 /* KPBMensaOpeningInfo.m */; };
		CBD19BA117F832EC0060820D /* KPBMensa.m in Sources */ = {isa = PBXBuildFile; fileRef = CB98068317EEC2DC0017D644 /* KPBMensa.m */; };
		CBD19BA217F832EC0060820D /* KPBAppDelegate.m in Sources */ = {isa = PBXBuildFile; fileRef = CB98065617EEC0840017D644 /* KPBAppDelegate.m */; };
		CBD19BA317F832EC0060820D /* KPBMoreInfoViewController.m in Sources */ = {isa = PBXBuildFile; fileRef = CB9806B017EEC32C0017D644 /* KPBMoreInfoViewController.m */; };
		CBD19BA417F832EC0060820D /* KPBMensaDetailViewController.m in Sources */ = {isa = PBXBuildFile; fileRef = CB9806AE17EEC32C0017D644 /* KPBMensaDetailViewController.m */; };
		CBD19BA517F832EC0060820D /* KPBPhoneMealplanPresentationAnimator.m in Sources */ = {isa = PBXBuildFile; fileRef = CB98067F17EEC2BF0017D644 /* KPBPhoneMealplanPresentationAnimator.m */; };
		CBD19BA617F832EC0060820D /* KPBMealplanViewController.m in Sources */ = {isa = PBXBuildFile; fileRef = CB9806AC17EEC32C0017D644 /* KPBMealplanViewController.m */; };
		CBD19BA717F832EC0060820D /* KPBMealplanSegue.m in Sources */ = {isa = PBXBuildFile; fileRef = CB98067D17EEC2BF0017D644 /* KPBMealplanSegue.m */; };
		CBD19BA817F832EC0060820D /* KPBMealplan.m in Sources */ = {isa = PBXBuildFile; fileRef = CB98068517EEC2DC0017D644 /* KPBMealplan.m */; };
		CBD19BA917F832EC0060820D /* KPBAppConfig.m in Sources */ = {isa = PBXBuildFile; fileRef = CB98071717F1CC830017D644 /* KPBAppConfig.m */; };
		CBD19BAA17F832EC0060820D /* KPBMenuHeaderView.m in Sources */ = {isa = PBXBuildFile; fileRef = CB9806A417EEC31A0017D644 /* KPBMenuHeaderView.m */; };
		CBD19BAB17F832EC0060820D /* main.m in Sources */ = {isa = PBXBuildFile; fileRef = CB98065217EEC0840017D644 /* main.m */; };
		CBD19BAC17F832EC0060820D /* KPBMenu.m in Sources */ = {isa = PBXBuildFile; fileRef = CB98068717EEC2DC0017D644 /* KPBMenu.m */; };
		CBD19BAD17F832EC0060820D /* NSCalendar+KPBAdditions.m in Sources */ = {isa = PBXBuildFile; fileRef = CB9806BA17EECFDE0017D644 /* NSCalendar+KPBAdditions.m */; };
		CBD19BAE17F832EC0060820D /* KPBMensaMenuViewController.m in Sources */ = {isa = PBXBuildFile; fileRef = CB98067917EEC2A30017D644 /* KPBMensaMenuViewController.m */; };
		CBD19BAF17F832EC0060820D /* KPBMensaLocationMarker.m in Sources */ = {isa = PBXBuildFile; fileRef = CB98068B17EEC2DC0017D644 /* KPBMensaLocationMarker.m */; };
		CBD19BB017F832EC0060820D /* KPBMealplanLayoutSection.m in Sources */ = {isa = PBXBuildFile; fileRef = CB98069C17EEC31A0017D644 /* KPBMealplanLayoutSection.m */; };
		CBD19BB117F832EC0060820D /* KPBMealCell.m in Sources */ = {isa = PBXBuildFile; fileRef = CB98069E17EEC31A0017D644 /* KPBMealCell.m */; };
		CBD19BB217F832EC0060820D /* KPBMensaOpeningTime.m in Sources */ = {isa = PBXBuildFile; fileRef = CB98068D17EEC2DC0017D644 /* KPBMensaOpeningTime.m */; };
		CBD19BB317F832EC0060820D /* NSDate+KPBAdditions.m in Sources */ = {isa = PBXBuildFile; fileRef = CB9806B517EEC43E0017D644 /* NSDate+KPBAdditions.m */; };
		CBD19BB417F832EC0060820D /* KPBMealplanInfoView.m in Sources */ = {isa = PBXBuildFile; fileRef = CB9806A017EEC31A0017D644 /* KPBMealplanInfoView.m */; };
		CBD19BB517F832EC0060820D /* KPBMealplanLayout.m in Sources */ = {isa = PBXBuildFile; fileRef = CB98069A17EEC31A0017D644 /* KPBMealplanLayout.m */; };
		CBD19BB717F832EC0060820D /* StoreKit.framework in Frameworks */ = {isa = PBXBuildFile; fileRef = CBD19B9A17F7FFF60060820D /* StoreKit.framework */; };
		CBD19BB817F832EC0060820D /* AVFoundation.framework in Frameworks */ = {isa = PBXBuildFile; fileRef = CB98071917F1D3100017D644 /* AVFoundation.framework */; };
		CBD19BB917F832EC0060820D /* SystemConfiguration.framework in Frameworks */ = {isa = PBXBuildFile; fileRef = CB98070517F0B57E0017D644 /* SystemConfiguration.framework */; };
		CBD19BBA17F832EC0060820D /* QuartzCore.framework in Frameworks */ = {isa = PBXBuildFile; fileRef = CB9806BF17EEE0AA0017D644 /* QuartzCore.framework */; };
		CBD19BBB17F832EC0060820D /* MapKit.framework in Frameworks */ = {isa = PBXBuildFile; fileRef = CB9806BD17EEE09E0017D644 /* MapKit.framework */; };
		CBD19BBC17F832EC0060820D /* CoreGraphics.framework in Frameworks */ = {isa = PBXBuildFile; fileRef = CB98064817EEC0840017D644 /* CoreGraphics.framework */; };
		CBD19BBD17F832EC0060820D /* UIKit.framework in Frameworks */ = {isa = PBXBuildFile; fileRef = CB98064A17EEC0840017D644 /* UIKit.framework */; };
		CBD19BBE17F832EC0060820D /* Foundation.framework in Frameworks */ = {isa = PBXBuildFile; fileRef = CB98064617EEC0840017D644 /* Foundation.framework */; };
		CBD19BC117F832EC0060820D /* config.plist in Resources */ = {isa = PBXBuildFile; fileRef = CB9806B717EEC9880017D644 /* config.plist */; };
		CBD19BC217F832EC0060820D /* Localizable.strings in Resources */ = {isa = PBXBuildFile; fileRef = CB98070C17F1C0C90017D644 /* Localizable.strings */; };
		CBD19BC317F832EC0060820D /* InfoPlist.strings in Resources */ = {isa = PBXBuildFile; fileRef = CB98064F17EEC0840017D644 /* InfoPlist.strings */; };
		CBD19BC417F832EC0060820D /* Storyboard_iPhone.storyboard in Resources */ = {isa = PBXBuildFile; fileRef = CB9E580017F574A500943829 /* Storyboard_iPhone.storyboard */; };
		CBD19BC517F832EC0060820D /* info.html in Resources */ = {isa = PBXBuildFile; fileRef = CB98071217F1C1580017D644 /* info.html */; };
		CBD19BC617F832EC0060820D /* Images.xcassets in Resources */ = {isa = PBXBuildFile; fileRef = CB98065817EEC0840017D644 /* Images.xcassets */; };
		CBD19BC717F832EC0060820D /* apiKeys.plist in Resources */ = {isa = PBXBuildFile; fileRef = CB9E57FC17F56E0F00943829 /* apiKeys.plist */; };
		CBD19BC817F832EC0060820D /* Settings.bundle in Resources */ = {isa = PBXBuildFile; fileRef = CB98071417F1C5EA0017D644 /* Settings.bundle */; };
		CBD19BD217F832F90060820D /* KPBMeal.m in Sources */ = {isa = PBXBuildFile; fileRef = CB98068917EEC2DC0017D644 /* KPBMeal.m */; };
		CBD19BD317F832F90060820D /* KPBMensaOpeningInfo.m in Sources */ = {isa = PBXBuildFile; fileRef = CB98068F17EEC2DC0017D644 /* KPBMensaOpeningInfo.m */; };
		CBD19BD417F832F90060820D /* KPBMensa.m in Sources */ = {isa = PBXBuildFile; fileRef = CB98068317EEC2DC0017D644 /* KPBMensa.m */; };
		CBD19BD517F832F90060820D /* KPBAppDelegate.m in Sources */ = {isa = PBXBuildFile; fileRef = CB98065617EEC0840017D644 /* KPBAppDelegate.m */; };
		CBD19BD617F832F90060820D /* KPBMoreInfoViewController.m in Sources */ = {isa = PBXBuildFile; fileRef = CB9806B017EEC32C0017D644 /* KPBMoreInfoViewController.m */; };
		CBD19BD717F832F90060820D /* KPBMensaDetailViewController.m in Sources */ = {isa = PBXBuildFile; fileRef = CB9806AE17EEC32C0017D644 /* KPBMensaDetailViewController.m */; };
		CBD19BD817F832F90060820D /* KPBPhoneMealplanPresentationAnimator.m in Sources */ = {isa = PBXBuildFile; fileRef = CB98067F17EEC2BF0017D644 /* KPBPhoneMealplanPresentationAnimator.m */; };
		CBD19BD917F832F90060820D /* KPBMealplanViewController.m in Sources */ = {isa = PBXBuildFile; fileRef = CB9806AC17EEC32C0017D644 /* KPBMealplanViewController.m */; };
		CBD19BDA17F832F90060820D /* KPBMealplanSegue.m in Sources */ = {isa = PBXBuildFile; fileRef = CB98067D17EEC2BF0017D644 /* KPBMealplanSegue.m */; };
		CBD19BDB17F832F90060820D /* KPBMealplan.m in Sources */ = {isa = PBXBuildFile; fileRef = CB98068517EEC2DC0017D644 /* KPBMealplan.m */; };
		CBD19BDC17F832F90060820D /* KPBAppConfig.m in Sources */ = {isa = PBXBuildFile; fileRef = CB98071717F1CC830017D644 /* KPBAppConfig.m */; };
		CBD19BDD17F832F90060820D /* KPBMenuHeaderView.m in Sources */ = {isa = PBXBuildFile; fileRef = CB9806A417EEC31A0017D644 /* KPBMenuHeaderView.m */; };
		CBD19BDE17F832F90060820D /* main.m in Sources */ = {isa = PBXBuildFile; fileRef = CB98065217EEC0840017D644 /* main.m */; };
		CBD19BDF17F832F90060820D /* KPBMenu.m in Sources */ = {isa = PBXBuildFile; fileRef = CB98068717EEC2DC0017D644 /* KPBMenu.m */; };
		CBD19BE017F832F90060820D /* NSCalendar+KPBAdditions.m in Sources */ = {isa = PBXBuildFile; fileRef = CB9806BA17EECFDE0017D644 /* NSCalendar+KPBAdditions.m */; };
		CBD19BE117F832F90060820D /* KPBMensaMenuViewController.m in Sources */ = {isa = PBXBuildFile; fileRef = CB98067917EEC2A30017D644 /* KPBMensaMenuViewController.m */; };
		CBD19BE217F832F90060820D /* KPBMensaLocationMarker.m in Sources */ = {isa = PBXBuildFile; fileRef = CB98068B17EEC2DC0017D644 /* KPBMensaLocationMarker.m */; };
		CBD19BE317F832F90060820D /* KPBMealplanLayoutSection.m in Sources */ = {isa = PBXBuildFile; fileRef = CB98069C17EEC31A0017D644 /* KPBMealplanLayoutSection.m */; };
		CBD19BE417F832F90060820D /* KPBMealCell.m in Sources */ = {isa = PBXBuildFile; fileRef = CB98069E17EEC31A0017D644 /* KPBMealCell.m */; };
		CBD19BE517F832F90060820D /* KPBMensaOpeningTime.m in Sources */ = {isa = PBXBuildFile; fileRef = CB98068D17EEC2DC0017D644 /* KPBMensaOpeningTime.m */; };
		CBD19BE617F832F90060820D /* NSDate+KPBAdditions.m in Sources */ = {isa = PBXBuildFile; fileRef = CB9806B517EEC43E0017D644 /* NSDate+KPBAdditions.m */; };
		CBD19BE717F832F90060820D /* KPBMealplanInfoView.m in Sources */ = {isa = PBXBuildFile; fileRef = CB9806A017EEC31A0017D644 /* KPBMealplanInfoView.m */; };
		CBD19BE817F832F90060820D /* KPBMealplanLayout.m in Sources */ = {isa = PBXBuildFile; fileRef = CB98069A17EEC31A0017D644 /* KPBMealplanLayout.m */; };
		CBD19BEA17F832F90060820D /* StoreKit.framework in Frameworks */ = {isa = PBXBuildFile; fileRef = CBD19B9A17F7FFF60060820D /* StoreKit.framework */; };
		CBD19BEB17F832F90060820D /* AVFoundation.framework in Frameworks */ = {isa = PBXBuildFile; fileRef = CB98071917F1D3100017D644 /* AVFoundation.framework */; };
		CBD19BEC17F832F90060820D /* SystemConfiguration.framework in Frameworks */ = {isa = PBXBuildFile; fileRef = CB98070517F0B57E0017D644 /* SystemConfiguration.framework */; };
		CBD19BED17F832F90060820D /* QuartzCore.framework in Frameworks */ = {isa = PBXBuildFile; fileRef = CB9806BF17EEE0AA0017D644 /* QuartzCore.framework */; };
		CBD19BEE17F832F90060820D /* MapKit.framework in Frameworks */ = {isa = PBXBuildFile; fileRef = CB9806BD17EEE09E0017D644 /* MapKit.framework */; };
		CBD19BEF17F832F90060820D /* CoreGraphics.framework in Frameworks */ = {isa = PBXBuildFile; fileRef = CB98064817EEC0840017D644 /* CoreGraphics.framework */; };
		CBD19BF017F832F90060820D /* UIKit.framework in Frameworks */ = {isa = PBXBuildFile; fileRef = CB98064A17EEC0840017D644 /* UIKit.framework */; };
		CBD19BF117F832F90060820D /* Foundation.framework in Frameworks */ = {isa = PBXBuildFile; fileRef = CB98064617EEC0840017D644 /* Foundation.framework */; };
		CBD19BF417F832F90060820D /* config.plist in Resources */ = {isa = PBXBuildFile; fileRef = CB9806B717EEC9880017D644 /* config.plist */; };
		CBD19BF517F832F90060820D /* Localizable.strings in Resources */ = {isa = PBXBuildFile; fileRef = CB98070C17F1C0C90017D644 /* Localizable.strings */; };
		CBD19BF617F832F90060820D /* InfoPlist.strings in Resources */ = {isa = PBXBuildFile; fileRef = CB98064F17EEC0840017D644 /* InfoPlist.strings */; };
		CBD19BF717F832F90060820D /* Storyboard_iPhone.storyboard in Resources */ = {isa = PBXBuildFile; fileRef = CB9E580017F574A500943829 /* Storyboard_iPhone.storyboard */; };
		CBD19BF817F832F90060820D /* info.html in Resources */ = {isa = PBXBuildFile; fileRef = CB98071217F1C1580017D644 /* info.html */; };
		CBD19BF917F832F90060820D /* Images.xcassets in Resources */ = {isa = PBXBuildFile; fileRef = CB98065817EEC0840017D644 /* Images.xcassets */; };
		CBD19BFA17F832F90060820D /* apiKeys.plist in Resources */ = {isa = PBXBuildFile; fileRef = CB9E57FC17F56E0F00943829 /* apiKeys.plist */; };
		CBD19BFB17F832F90060820D /* Settings.bundle in Resources */ = {isa = PBXBuildFile; fileRef = CB98071417F1C5EA0017D644 /* Settings.bundle */; };
		FAE378D04A034D9FA8E480CF /* libPods-Screenshots.a in Frameworks */ = {isa = PBXBuildFile; fileRef = 9633786AC7A641BB9BA35445 /* libPods-Screenshots.a */; };
/* End PBXBuildFile section */

/* Begin PBXContainerItemProxy section */
		CB98066317EEC0840017D644 /* PBXContainerItemProxy */ = {
			isa = PBXContainerItemProxy;
			containerPortal = CB98063B17EEC0840017D644 /* Project object */;
			proxyType = 1;
			remoteGlobalIDString = CB98064217EEC0840017D644;
			remoteInfo = BreMensa;
		};
/* End PBXContainerItemProxy section */

/* Begin PBXFileReference section */
		1EE46F4E548F482A82639862 /* libPods-Revealing.a */ = {isa = PBXFileReference; explicitFileType = archive.ar; includeInIndex = 0; path = "libPods-Revealing.a"; sourceTree = BUILT_PRODUCTS_DIR; };
		25F411563D854C0089CBCF02 /* Pods.xcconfig */ = {isa = PBXFileReference; includeInIndex = 1; lastKnownFileType = text.xcconfig; name = Pods.xcconfig; path = Pods/Pods.xcconfig; sourceTree = "<group>"; };
		379672A3B97448C085FD2FFD /* libPods.a */ = {isa = PBXFileReference; explicitFileType = archive.ar; includeInIndex = 0; path = libPods.a; sourceTree = BUILT_PRODUCTS_DIR; };
		4DD581F489784E5D8DAB483D /* Pods-Revealing.xcconfig */ = {isa = PBXFileReference; includeInIndex = 1; lastKnownFileType = text.xcconfig; name = "Pods-Revealing.xcconfig"; path = "Pods/Pods-Revealing.xcconfig"; sourceTree = "<group>"; };
		9633786AC7A641BB9BA35445 /* libPods-Screenshots.a */ = {isa = PBXFileReference; explicitFileType = archive.ar; includeInIndex = 0; path = "libPods-Screenshots.a"; sourceTree = BUILT_PRODUCTS_DIR; };
		C90B11D8934743369E0427DC /* Pods-Screenshots.xcconfig */ = {isa = PBXFileReference; includeInIndex = 1; lastKnownFileType = text.xcconfig; name = "Pods-Screenshots.xcconfig"; path = "Pods/Pods-Screenshots.xcconfig"; sourceTree = "<group>"; };
		CB2AA75F17F5777F0047747B /* en */ = {isa = PBXFileReference; lastKnownFileType = text.plist.strings; name = en; path = en.lproj/Storyboard_iPhone.strings; sourceTree = "<group>"; };
		CB2AA76117F577870047747B /* de */ = {isa = PBXFileReference; lastKnownFileType = text.plist.strings; name = de; path = de.lproj/Storyboard_iPhone.strings; sourceTree = "<group>"; };
		CB308632183BFAA800648D95 /* invalid_mealplan.json */ = {isa = PBXFileReference; fileEncoding = 4; lastKnownFileType = text.json; path = invalid_mealplan.json; sourceTree = "<group>"; };
		CB308634183BFC9400648D95 /* libPods.a */ = {isa = PBXFileReference; lastKnownFileType = archive.ar; name = libPods.a; path = "Pods/build/Debug-iphoneos/libPods.a"; sourceTree = "<group>"; };
		CB308636183BFE2200648D95 /* libPods-MBProgressHUD.a */ = {isa = PBXFileReference; lastKnownFileType = file; name = "libPods-MBProgressHUD.a"; path = "Pods/build/Debug-iphoneos/libPods-MBProgressHUD.a"; sourceTree = "<group>"; };
		CB98064317EEC0840017D644 /* BreMensa.app */ = {isa = PBXFileReference; explicitFileType = wrapper.application; includeInIndex = 0; path = BreMensa.app; sourceTree = BUILT_PRODUCTS_DIR; };
		CB98064617EEC0840017D644 /* Foundation.framework */ = {isa = PBXFileReference; lastKnownFileType = wrapper.framework; name = Foundation.framework; path = System/Library/Frameworks/Foundation.framework; sourceTree = SDKROOT; };
		CB98064817EEC0840017D644 /* CoreGraphics.framework */ = {isa = PBXFileReference; lastKnownFileType = wrapper.framework; name = CoreGraphics.framework; path = System/Library/Frameworks/CoreGraphics.framework; sourceTree = SDKROOT; };
		CB98064A17EEC0840017D644 /* UIKit.framework */ = {isa = PBXFileReference; lastKnownFileType = wrapper.framework; name = UIKit.framework; path = System/Library/Frameworks/UIKit.framework; sourceTree = SDKROOT; };
		CB98064E17EEC0840017D644 /* BreMensa-Info.plist */ = {isa = PBXFileReference; lastKnownFileType = text.plist.xml; path = "BreMensa-Info.plist"; sourceTree = "<group>"; };
		CB98065017EEC0840017D644 /* en */ = {isa = PBXFileReference; lastKnownFileType = text.plist.strings; name = en; path = en.lproj/InfoPlist.strings; sourceTree = "<group>"; };
		CB98065217EEC0840017D644 /* main.m */ = {isa = PBXFileReference; lastKnownFileType = sourcecode.c.objc; path = main.m; sourceTree = "<group>"; };
		CB98065417EEC0840017D644 /* BreMensa-Prefix.pch */ = {isa = PBXFileReference; lastKnownFileType = sourcecode.c.h; path = "BreMensa-Prefix.pch"; sourceTree = "<group>"; };
		CB98065517EEC0840017D644 /* KPBAppDelegate.h */ = {isa = PBXFileReference; lastKnownFileType = sourcecode.c.h; path = KPBAppDelegate.h; sourceTree = "<group>"; };
		CB98065617EEC0840017D644 /* KPBAppDelegate.m */ = {isa = PBXFileReference; lastKnownFileType = sourcecode.c.objc; path = KPBAppDelegate.m; sourceTree = "<group>"; };
		CB98065817EEC0840017D644 /* Images.xcassets */ = {isa = PBXFileReference; lastKnownFileType = folder.assetcatalog; path = Images.xcassets; sourceTree = "<group>"; };
		CB98065E17EEC0840017D644 /* BreMensaTests.xctest */ = {isa = PBXFileReference; explicitFileType = wrapper.cfbundle; includeInIndex = 0; path = BreMensaTests.xctest; sourceTree = BUILT_PRODUCTS_DIR; };
		CB98065F17EEC0840017D644 /* XCTest.framework */ = {isa = PBXFileReference; lastKnownFileType = wrapper.framework; name = XCTest.framework; path = Library/Frameworks/XCTest.framework; sourceTree = DEVELOPER_DIR; };
		CB98066717EEC0840017D644 /* BreMensaTests-Info.plist */ = {isa = PBXFileReference; lastKnownFileType = text.plist.xml; path = "BreMensaTests-Info.plist"; sourceTree = "<group>"; };
		CB98066917EEC0840017D644 /* en */ = {isa = PBXFileReference; lastKnownFileType = text.plist.strings; name = en; path = en.lproj/InfoPlist.strings; sourceTree = "<group>"; };
		CB98066B17EEC0840017D644 /* BreMensaTests.m */ = {isa = PBXFileReference; lastKnownFileType = sourcecode.c.objc; path = BreMensaTests.m; sourceTree = "<group>"; };
		CB98067817EEC2A30017D644 /* KPBMensaMenuViewController.h */ = {isa = PBXFileReference; fileEncoding = 4; lastKnownFileType = sourcecode.c.h; path = KPBMensaMenuViewController.h; sourceTree = "<group>"; };
		CB98067917EEC2A30017D644 /* KPBMensaMenuViewController.m */ = {isa = PBXFileReference; fileEncoding = 4; lastKnownFileType = sourcecode.c.objc; path = KPBMensaMenuViewController.m; sourceTree = "<group>"; };
		CB98067C17EEC2BF0017D644 /* KPBMealplanSegue.h */ = {isa = PBXFileReference; fileEncoding = 4; lastKnownFileType = sourcecode.c.h; path = KPBMealplanSegue.h; sourceTree = "<group>"; };
		CB98067D17EEC2BF0017D644 /* KPBMealplanSegue.m */ = {isa = PBXFileReference; fileEncoding = 4; lastKnownFileType = sourcecode.c.objc; path = KPBMealplanSegue.m; sourceTree = "<group>"; };
		CB98067E17EEC2BF0017D644 /* KPBPhoneMealplanPresentationAnimator.h */ = {isa = PBXFileReference; fileEncoding = 4; lastKnownFileType = sourcecode.c.h; path = KPBPhoneMealplanPresentationAnimator.h; sourceTree = "<group>"; };
		CB98067F17EEC2BF0017D644 /* KPBPhoneMealplanPresentationAnimator.m */ = {isa = PBXFileReference; fileEncoding = 4; lastKnownFileType = sourcecode.c.objc; path = KPBPhoneMealplanPresentationAnimator.m; sourceTree = "<group>"; };
		CB98068217EEC2DC0017D644 /* KPBMensa.h */ = {isa = PBXFileReference; fileEncoding = 4; lastKnownFileType = sourcecode.c.h; path = KPBMensa.h; sourceTree = "<group>"; };
		CB98068317EEC2DC0017D644 /* KPBMensa.m */ = {isa = PBXFileReference; fileEncoding = 4; lastKnownFileType = sourcecode.c.objc; path = KPBMensa.m; sourceTree = "<group>"; };
		CB98068417EEC2DC0017D644 /* KPBMealplan.h */ = {isa = PBXFileReference; fileEncoding = 4; lastKnownFileType = sourcecode.c.h; path = KPBMealplan.h; sourceTree = "<group>"; };
		CB98068517EEC2DC0017D644 /* KPBMealplan.m */ = {isa = PBXFileReference; fileEncoding = 4; lastKnownFileType = sourcecode.c.objc; path = KPBMealplan.m; sourceTree = "<group>"; };
		CB98068617EEC2DC0017D644 /* KPBMenu.h */ = {isa = PBXFileReference; fileEncoding = 4; lastKnownFileType = sourcecode.c.h; path = KPBMenu.h; sourceTree = "<group>"; };
		CB98068717EEC2DC0017D644 /* KPBMenu.m */ = {isa = PBXFileReference; fileEncoding = 4; lastKnownFileType = sourcecode.c.objc; path = KPBMenu.m; sourceTree = "<group>"; };
		CB98068817EEC2DC0017D644 /* KPBMeal.h */ = {isa = PBXFileReference; fileEncoding = 4; lastKnownFileType = sourcecode.c.h; path = KPBMeal.h; sourceTree = "<group>"; };
		CB98068917EEC2DC0017D644 /* KPBMeal.m */ = {isa = PBXFileReference; fileEncoding = 4; lastKnownFileType = sourcecode.c.objc; path = KPBMeal.m; sourceTree = "<group>"; };
		CB98068A17EEC2DC0017D644 /* KPBMensaLocationMarker.h */ = {isa = PBXFileReference; fileEncoding = 4; lastKnownFileType = sourcecode.c.h; path = KPBMensaLocationMarker.h; sourceTree = "<group>"; };
		CB98068B17EEC2DC0017D644 /* KPBMensaLocationMarker.m */ = {isa = PBXFileReference; fileEncoding = 4; lastKnownFileType = sourcecode.c.objc; path = KPBMensaLocationMarker.m; sourceTree = "<group>"; };
		CB98068C17EEC2DC0017D644 /* KPBMensaOpeningTime.h */ = {isa = PBXFileReference; fileEncoding = 4; lastKnownFileType = sourcecode.c.h; path = KPBMensaOpeningTime.h; sourceTree = "<group>"; };
		CB98068D17EEC2DC0017D644 /* KPBMensaOpeningTime.m */ = {isa = PBXFileReference; fileEncoding = 4; lastKnownFileType = sourcecode.c.objc; path = KPBMensaOpeningTime.m; sourceTree = "<group>"; };
		CB98068E17EEC2DC0017D644 /* KPBMensaOpeningInfo.h */ = {isa = PBXFileReference; fileEncoding = 4; lastKnownFileType = sourcecode.c.h; path = KPBMensaOpeningInfo.h; sourceTree = "<group>"; };
		CB98068F17EEC2DC0017D644 /* KPBMensaOpeningInfo.m */ = {isa = PBXFileReference; fileEncoding = 4; lastKnownFileType = sourcecode.c.objc; path = KPBMensaOpeningInfo.m; sourceTree = "<group>"; };
		CB98069917EEC31A0017D644 /* KPBMealplanLayout.h */ = {isa = PBXFileReference; fileEncoding = 4; lastKnownFileType = sourcecode.c.h; path = KPBMealplanLayout.h; sourceTree = "<group>"; };
		CB98069A17EEC31A0017D644 /* KPBMealplanLayout.m */ = {isa = PBXFileReference; fileEncoding = 4; lastKnownFileType = sourcecode.c.objc; path = KPBMealplanLayout.m; sourceTree = "<group>"; };
		CB98069B17EEC31A0017D644 /* KPBMealplanLayoutSection.h */ = {isa = PBXFileReference; fileEncoding = 4; lastKnownFileType = sourcecode.c.h; path = KPBMealplanLayoutSection.h; sourceTree = "<group>"; };
		CB98069C17EEC31A0017D644 /* KPBMealplanLayoutSection.m */ = {isa = PBXFileReference; fileEncoding = 4; lastKnownFileType = sourcecode.c.objc; path = KPBMealplanLayoutSection.m; sourceTree = "<group>"; };
		CB98069D17EEC31A0017D644 /* KPBMealCell.h */ = {isa = PBXFileReference; fileEncoding = 4; lastKnownFileType = sourcecode.c.h; path = KPBMealCell.h; sourceTree = "<group>"; };
		CB98069E17EEC31A0017D644 /* KPBMealCell.m */ = {isa = PBXFileReference; fileEncoding = 4; lastKnownFileType = sourcecode.c.objc; path = KPBMealCell.m; sourceTree = "<group>"; };
		CB98069F17EEC31A0017D644 /* KPBMealplanInfoView.h */ = {isa = PBXFileReference; fileEncoding = 4; lastKnownFileType = sourcecode.c.h; path = KPBMealplanInfoView.h; sourceTree = "<group>"; };
		CB9806A017EEC31A0017D644 /* KPBMealplanInfoView.m */ = {isa = PBXFileReference; fileEncoding = 4; lastKnownFileType = sourcecode.c.objc; path = KPBMealplanInfoView.m; sourceTree = "<group>"; };
		CB9806A317EEC31A0017D644 /* KPBMenuHeaderView.h */ = {isa = PBXFileReference; fileEncoding = 4; lastKnownFileType = sourcecode.c.h; path = KPBMenuHeaderView.h; sourceTree = "<group>"; };
		CB9806A417EEC31A0017D644 /* KPBMenuHeaderView.m */ = {isa = PBXFileReference; fileEncoding = 4; lastKnownFileType = sourcecode.c.objc; path = KPBMenuHeaderView.m; sourceTree = "<group>"; };
		CB9806AB17EEC32C0017D644 /* KPBMealplanViewController.h */ = {isa = PBXFileReference; fileEncoding = 4; lastKnownFileType = sourcecode.c.h; path = KPBMealplanViewController.h; sourceTree = "<group>"; };
		CB9806AC17EEC32C0017D644 /* KPBMealplanViewController.m */ = {isa = PBXFileReference; fileEncoding = 4; lastKnownFileType = sourcecode.c.objc; path = KPBMealplanViewController.m; sourceTree = "<group>"; };
		CB9806AD17EEC32C0017D644 /* KPBMensaDetailViewController.h */ = {isa = PBXFileReference; fileEncoding = 4; lastKnownFileType = sourcecode.c.h; path = KPBMensaDetailViewController.h; sourceTree = "<group>"; };
		CB9806AE17EEC32C0017D644 /* KPBMensaDetailViewController.m */ = {isa = PBXFileReference; fileEncoding = 4; lastKnownFileType = sourcecode.c.objc; path = KPBMensaDetailViewController.m; sourceTree = "<group>"; };
		CB9806AF17EEC32C0017D644 /* KPBMoreInfoViewController.h */ = {isa = PBXFileReference; fileEncoding = 4; lastKnownFileType = sourcecode.c.h; path = KPBMoreInfoViewController.h; sourceTree = "<group>"; };
		CB9806B017EEC32C0017D644 /* KPBMoreInfoViewController.m */ = {isa = PBXFileReference; fileEncoding = 4; lastKnownFileType = sourcecode.c.objc; path = KPBMoreInfoViewController.m; sourceTree = "<group>"; };
		CB9806B417EEC43E0017D644 /* NSDate+KPBAdditions.h */ = {isa = PBXFileReference; fileEncoding = 4; lastKnownFileType = sourcecode.c.h; path = "NSDate+KPBAdditions.h"; sourceTree = "<group>"; };
		CB9806B517EEC43E0017D644 /* NSDate+KPBAdditions.m */ = {isa = PBXFileReference; fileEncoding = 4; lastKnownFileType = sourcecode.c.objc; path = "NSDate+KPBAdditions.m"; sourceTree = "<group>"; };
		CB9806B717EEC9880017D644 /* config.plist */ = {isa = PBXFileReference; fileEncoding = 4; lastKnownFileType = text.plist.xml; path = config.plist; sourceTree = "<group>"; };
		CB9806B917EECFDE0017D644 /* NSCalendar+KPBAdditions.h */ = {isa = PBXFileReference; fileEncoding = 4; lastKnownFileType = sourcecode.c.h; path = "NSCalendar+KPBAdditions.h"; sourceTree = "<group>"; };
		CB9806BA17EECFDE0017D644 /* NSCalendar+KPBAdditions.m */ = {isa = PBXFileReference; fileEncoding = 4; lastKnownFileType = sourcecode.c.objc; path = "NSCalendar+KPBAdditions.m"; sourceTree = "<group>"; };
		CB9806BD17EEE09E0017D644 /* MapKit.framework */ = {isa = PBXFileReference; lastKnownFileType = wrapper.framework; name = MapKit.framework; path = System/Library/Frameworks/MapKit.framework; sourceTree = SDKROOT; };
		CB9806BF17EEE0AA0017D644 /* QuartzCore.framework */ = {isa = PBXFileReference; lastKnownFileType = wrapper.framework; name = QuartzCore.framework; path = System/Library/Frameworks/QuartzCore.framework; sourceTree = SDKROOT; };
		CB98070517F0B57E0017D644 /* SystemConfiguration.framework */ = {isa = PBXFileReference; lastKnownFileType = wrapper.framework; name = SystemConfiguration.framework; path = System/Library/Frameworks/SystemConfiguration.framework; sourceTree = SDKROOT; };
		CB98070B17F1C0C90017D644 /* en */ = {isa = PBXFileReference; lastKnownFileType = text.plist.strings; name = en; path = en.lproj/Localizable.strings; sourceTree = "<group>"; };
		CB98070D17F1C0F10017D644 /* de */ = {isa = PBXFileReference; lastKnownFileType = text.plist.strings; name = de; path = de.lproj/Localizable.strings; sourceTree = "<group>"; };
		CB98070E17F1C0F10017D644 /* de */ = {isa = PBXFileReference; lastKnownFileType = text.plist.strings; name = de; path = de.lproj/InfoPlist.strings; sourceTree = "<group>"; };
		CB98070F17F1C0F10017D644 /* de */ = {isa = PBXFileReference; lastKnownFileType = text.plist.strings; name = de; path = de.lproj/InfoPlist.strings; sourceTree = "<group>"; };
		CB98071117F1C1580017D644 /* en */ = {isa = PBXFileReference; lastKnownFileType = text.html; name = en; path = en.lproj/info.html; sourceTree = "<group>"; };
		CB98071317F1C1610017D644 /* de */ = {isa = PBXFileReference; lastKnownFileType = text.html; name = de; path = de.lproj/info.html; sourceTree = "<group>"; };
		CB98071417F1C5EA0017D644 /* Settings.bundle */ = {isa = PBXFileReference; lastKnownFileType = "wrapper.plug-in"; path = Settings.bundle; sourceTree = "<group>"; };
		CB98071617F1CC830017D644 /* KPBAppConfig.h */ = {isa = PBXFileReference; fileEncoding = 4; lastKnownFileType = sourcecode.c.h; path = KPBAppConfig.h; sourceTree = "<group>"; };
		CB98071717F1CC830017D644 /* KPBAppConfig.m */ = {isa = PBXFileReference; fileEncoding = 4; lastKnownFileType = sourcecode.c.objc; path = KPBAppConfig.m; sourceTree = "<group>"; };
		CB98071917F1D3100017D644 /* AVFoundation.framework */ = {isa = PBXFileReference; lastKnownFileType = wrapper.framework; name = AVFoundation.framework; path = System/Library/Frameworks/AVFoundation.framework; sourceTree = SDKROOT; };
		CB9E57FC17F56E0F00943829 /* apiKeys.plist */ = {isa = PBXFileReference; fileEncoding = 4; lastKnownFileType = text.plist.xml; path = apiKeys.plist; sourceTree = "<group>"; };
		CB9E580117F574B400943829 /* Base */ = {isa = PBXFileReference; lastKnownFileType = file.storyboard; name = Base; path = Base.lproj/Storyboard_iPhone.storyboard; sourceTree = "<group>"; };
		CBD19B9A17F7FFF60060820D /* StoreKit.framework */ = {isa = PBXFileReference; lastKnownFileType = wrapper.framework; name = StoreKit.framework; path = System/Library/Frameworks/StoreKit.framework; sourceTree = SDKROOT; };
		CBD19BCD17F832EC0060820D /* BreMensa Revealing.app */ = {isa = PBXFileReference; explicitFileType = wrapper.application; includeInIndex = 0; path = "BreMensa Revealing.app"; sourceTree = BUILT_PRODUCTS_DIR; };
		CBD19BCE17F832ED0060820D /* Revealing.plist */ = {isa = PBXFileReference; lastKnownFileType = text.plist.xml; name = Revealing.plist; path = /Users/karl/Documents/Projekte/SideProjects/BreMensa/BreMensa/Revealing.plist; sourceTree = "<absolute>"; };
		CBD19C0017F832F90060820D /* BreMensa Screenshots.app */ = {isa = PBXFileReference; explicitFileType = wrapper.application; includeInIndex = 0; path = "BreMensa Screenshots.app"; sourceTree = BUILT_PRODUCTS_DIR; };
		CBD19C0117F832F90060820D /* Screenshots.plist */ = {isa = PBXFileReference; lastKnownFileType = text.plist.xml; name = Screenshots.plist; path = /Users/karl/Documents/Projekte/SideProjects/BreMensa/BreMensa/Screenshots.plist; sourceTree = "<absolute>"; };
/* End PBXFileReference section */

/* Begin PBXFrameworksBuildPhase section */
		CB98064017EEC0840017D644 /* Frameworks */ = {
			isa = PBXFrameworksBuildPhase;
			buildActionMask = 2147483647;
			files = (
				CBD19B9B17F7FFF60060820D /* StoreKit.framework in Frameworks */,
				CB98071A17F1D3100017D644 /* AVFoundation.framework in Frameworks */,
				CB98070617F0B57E0017D644 /* SystemConfiguration.framework in Frameworks */,
				CB9806C017EEE0AA0017D644 /* QuartzCore.framework in Frameworks */,
				CB9806BE17EEE09E0017D644 /* MapKit.framework in Frameworks */,
				CB98064917EEC0840017D644 /* CoreGraphics.framework in Frameworks */,
				CB98064B17EEC0840017D644 /* UIKit.framework in Frameworks */,
				CB98064717EEC0840017D644 /* Foundation.framework in Frameworks */,
				89750CD7CCA144BCB9858C10 /* libPods.a in Frameworks */,
			);
			runOnlyForDeploymentPostprocessing = 0;
		};
		CB98065B17EEC0840017D644 /* Frameworks */ = {
			isa = PBXFrameworksBuildPhase;
			buildActionMask = 2147483647;
			files = (
				CB98066017EEC0840017D644 /* XCTest.framework in Frameworks */,
				CB98066217EEC0840017D644 /* UIKit.framework in Frameworks */,
				CB98066117EEC0840017D644 /* Foundation.framework in Frameworks */,
			);
			runOnlyForDeploymentPostprocessing = 0;
		};
		CBD19BB617F832EC0060820D /* Frameworks */ = {
			isa = PBXFrameworksBuildPhase;
			buildActionMask = 2147483647;
			files = (
				CBD19BB717F832EC0060820D /* StoreKit.framework in Frameworks */,
				CBD19BB817F832EC0060820D /* AVFoundation.framework in Frameworks */,
				CBD19BB917F832EC0060820D /* SystemConfiguration.framework in Frameworks */,
				CBD19BBA17F832EC0060820D /* QuartzCore.framework in Frameworks */,
				CBD19BBB17F832EC0060820D /* MapKit.framework in Frameworks */,
				CBD19BBC17F832EC0060820D /* CoreGraphics.framework in Frameworks */,
				CBD19BBD17F832EC0060820D /* UIKit.framework in Frameworks */,
				CBD19BBE17F832EC0060820D /* Foundation.framework in Frameworks */,
				1043BDAFD1A9465FAE0B4DCC /* libPods-Revealing.a in Frameworks */,
			);
			runOnlyForDeploymentPostprocessing = 0;
		};
		CBD19BE917F832F90060820D /* Frameworks */ = {
			isa = PBXFrameworksBuildPhase;
			buildActionMask = 2147483647;
			files = (
				CBD19BEA17F832F90060820D /* StoreKit.framework in Frameworks */,
				CBD19BEB17F832F90060820D /* AVFoundation.framework in Frameworks */,
				CBD19BEC17F832F90060820D /* SystemConfiguration.framework in Frameworks */,
				CBD19BED17F832F90060820D /* QuartzCore.framework in Frameworks */,
				CBD19BEE17F832F90060820D /* MapKit.framework in Frameworks */,
				CBD19BEF17F832F90060820D /* CoreGraphics.framework in Frameworks */,
				CBD19BF017F832F90060820D /* UIKit.framework in Frameworks */,
				CBD19BF117F832F90060820D /* Foundation.framework in Frameworks */,
				FAE378D04A034D9FA8E480CF /* libPods-Screenshots.a in Frameworks */,
			);
			runOnlyForDeploymentPostprocessing = 0;
		};
/* End PBXFrameworksBuildPhase section */

/* Begin PBXGroup section */
		CB308631183BFA8600648D95 /* Resources */ = {
			isa = PBXGroup;
			children = (
				CB308632183BFAA800648D95 /* invalid_mealplan.json */,
			);
			name = Resources;
			sourceTree = "<group>";
		};
		CB98063A17EEC0840017D644 = {
			isa = PBXGroup;
			children = (
				CB98064C17EEC0840017D644 /* BreMensa */,
				CB98066517EEC0840017D644 /* BreMensaTests */,
				CB98064517EEC0840017D644 /* Frameworks */,
				CB98064417EEC0840017D644 /* Products */,
				25F411563D854C0089CBCF02 /* Pods.xcconfig */,
				CBD19BCE17F832ED0060820D /* Revealing.plist */,
				CBD19C0117F832F90060820D /* Screenshots.plist */,
				4DD581F489784E5D8DAB483D /* Pods-Revealing.xcconfig */,
				C90B11D8934743369E0427DC /* Pods-Screenshots.xcconfig */,
			);
			sourceTree = "<group>";
		};
		CB98064417EEC0840017D644 /* Products */ = {
			isa = PBXGroup;
			children = (
				CB98064317EEC0840017D644 /* BreMensa.app */,
				CB98065E17EEC0840017D644 /* BreMensaTests.xctest */,
				CBD19BCD17F832EC0060820D /* BreMensa Revealing.app */,
				CBD19C0017F832F90060820D /* BreMensa Screenshots.app */,
			);
			name = Products;
			sourceTree = "<group>";
		};
		CB98064517EEC0840017D644 /* Frameworks */ = {
			isa = PBXGroup;
			children = (
				CB308636183BFE2200648D95 /* libPods-MBProgressHUD.a */,
				CB308634183BFC9400648D95 /* libPods.a */,
				CBD19B9A17F7FFF60060820D /* StoreKit.framework */,
				CB98071917F1D3100017D644 /* AVFoundation.framework */,
				CB98070517F0B57E0017D644 /* SystemConfiguration.framework */,
				CB9806BF17EEE0AA0017D644 /* QuartzCore.framework */,
				CB9806BD17EEE09E0017D644 /* MapKit.framework */,
				CB98064617EEC0840017D644 /* Foundation.framework */,
				CB98064817EEC0840017D644 /* CoreGraphics.framework */,
				CB98064A17EEC0840017D644 /* UIKit.framework */,
				CB98065F17EEC0840017D644 /* XCTest.framework */,
				379672A3B97448C085FD2FFD /* libPods.a */,
				1EE46F4E548F482A82639862 /* libPods-Revealing.a */,
				9633786AC7A641BB9BA35445 /* libPods-Screenshots.a */,
			);
			name = Frameworks;
			sourceTree = "<group>";
		};
		CB98064C17EEC0840017D644 /* BreMensa */ = {
			isa = PBXGroup;
			children = (
				CB98070717F1C00B0017D644 /* Resources */,
				CB98067717EEC26F0017D644 /* Classes */,
				CB9E580017F574A500943829 /* Storyboard_iPhone.storyboard */,
				CB98065517EEC0840017D644 /* KPBAppDelegate.h */,
				CB98065617EEC0840017D644 /* KPBAppDelegate.m */,
				CB98064D17EEC0840017D644 /* Supporting Files */,
			);
			path = BreMensa;
			sourceTree = "<group>";
		};
		CB98064D17EEC0840017D644 /* Supporting Files */ = {
			isa = PBXGroup;
			children = (
				CB98064E17EEC0840017D644 /* BreMensa-Info.plist */,
				CB98064F17EEC0840017D644 /* InfoPlist.strings */,
				CB98065217EEC0840017D644 /* main.m */,
				CB98065417EEC0840017D644 /* BreMensa-Prefix.pch */,
			);
			name = "Supporting Files";
			sourceTree = "<group>";
		};
		CB98066517EEC0840017D644 /* BreMensaTests */ = {
			isa = PBXGroup;
			children = (
				CB308631183BFA8600648D95 /* Resources */,
				CB98066B17EEC0840017D644 /* BreMensaTests.m */,
				CB98066617EEC0840017D644 /* Supporting Files */,
			);
			path = BreMensaTests;
			sourceTree = "<group>";
		};
		CB98066617EEC0840017D644 /* Supporting Files */ = {
			isa = PBXGroup;
			children = (
				CB98066717EEC0840017D644 /* BreMensaTests-Info.plist */,
				CB98066817EEC0840017D644 /* InfoPlist.strings */,
			);
			name = "Supporting Files";
			sourceTree = "<group>";
		};
		CB98067717EEC26F0017D644 /* Classes */ = {
			isa = PBXGroup;
			children = (
				CB9806BC17EED0860017D644 /* Categories */,
				CB98069817EEC3060017D644 /* View */,
				CB98069717EEC2E00017D644 /* Model */,
				CB98068A17EEC2DC0017D644 /* KPBMensaLocationMarker.h */,
				CB98068B17EEC2DC0017D644 /* KPBMensaLocationMarker.m */,
				CB98067817EEC2A30017D644 /* KPBMensaMenuViewController.h */,
				CB98067917EEC2A30017D644 /* KPBMensaMenuViewController.m */,
				CB98067C17EEC2BF0017D644 /* KPBMealplanSegue.h */,
				CB98067D17EEC2BF0017D644 /* KPBMealplanSegue.m */,
				CB98067E17EEC2BF0017D644 /* KPBPhoneMealplanPresentationAnimator.h */,
				CB98067F17EEC2BF0017D644 /* KPBPhoneMealplanPresentationAnimator.m */,
				CB9806AB17EEC32C0017D644 /* KPBMealplanViewController.h */,
				CB9806AC17EEC32C0017D644 /* KPBMealplanViewController.m */,
				CB9806AD17EEC32C0017D644 /* KPBMensaDetailViewController.h */,
				CB9806AE17EEC32C0017D644 /* KPBMensaDetailViewController.m */,
				CB9806AF17EEC32C0017D644 /* KPBMoreInfoViewController.h */,
				CB9806B017EEC32C0017D644 /* KPBMoreInfoViewController.m */,
				CB98071617F1CC830017D644 /* KPBAppConfig.h */,
				CB98071717F1CC830017D644 /* KPBAppConfig.m */,
			);
			name = Classes;
			sourceTree = "<group>";
		};
		CB98069717EEC2E00017D644 /* Model */ = {
			isa = PBXGroup;
			children = (
				CB98068217EEC2DC0017D644 /* KPBMensa.h */,
				CB98068317EEC2DC0017D644 /* KPBMensa.m */,
				CB98068417EEC2DC0017D644 /* KPBMealplan.h */,
				CB98068517EEC2DC0017D644 /* KPBMealplan.m */,
				CB98068617EEC2DC0017D644 /* KPBMenu.h */,
				CB98068717EEC2DC0017D644 /* KPBMenu.m */,
				CB98068817EEC2DC0017D644 /* KPBMeal.h */,
				CB98068917EEC2DC0017D644 /* KPBMeal.m */,
				CB98068C17EEC2DC0017D644 /* KPBMensaOpeningTime.h */,
				CB98068D17EEC2DC0017D644 /* KPBMensaOpeningTime.m */,
				CB98068E17EEC2DC0017D644 /* KPBMensaOpeningInfo.h */,
				CB98068F17EEC2DC0017D644 /* KPBMensaOpeningInfo.m */,
			);
			name = Model;
			sourceTree = "<group>";
		};
		CB98069817EEC3060017D644 /* View */ = {
			isa = PBXGroup;
			children = (
				CB98069917EEC31A0017D644 /* KPBMealplanLayout.h */,
				CB98069A17EEC31A0017D644 /* KPBMealplanLayout.m */,
				CB98069B17EEC31A0017D644 /* KPBMealplanLayoutSection.h */,
				CB98069C17EEC31A0017D644 /* KPBMealplanLayoutSection.m */,
				CB98069D17EEC31A0017D644 /* KPBMealCell.h */,
				CB98069E17EEC31A0017D644 /* KPBMealCell.m */,
				CB98069F17EEC31A0017D644 /* KPBMealplanInfoView.h */,
				CB9806A017EEC31A0017D644 /* KPBMealplanInfoView.m */,
				CB9806A317EEC31A0017D644 /* KPBMenuHeaderView.h */,
				CB9806A417EEC31A0017D644 /* KPBMenuHeaderView.m */,
			);
			name = View;
			sourceTree = "<group>";
		};
		CB9806BC17EED0860017D644 /* Categories */ = {
			isa = PBXGroup;
			children = (
				CB9806B917EECFDE0017D644 /* NSCalendar+KPBAdditions.h */,
				CB9806BA17EECFDE0017D644 /* NSCalendar+KPBAdditions.m */,
				CB9806B417EEC43E0017D644 /* NSDate+KPBAdditions.h */,
				CB9806B517EEC43E0017D644 /* NSDate+KPBAdditions.m */,
			);
			name = Categories;
			sourceTree = "<group>";
		};
		CB98070717F1C00B0017D644 /* Resources */ = {
			isa = PBXGroup;
			children = (
				CB9806B717EEC9880017D644 /* config.plist */,
				CB98071217F1C1580017D644 /* info.html */,
				CB98065817EEC0840017D644 /* Images.xcassets */,
				CB98070C17F1C0C90017D644 /* Localizable.strings */,
				CB98071417F1C5EA0017D644 /* Settings.bundle */,
				CB9E57FC17F56E0F00943829 /* apiKeys.plist */,
			);
			name = Resources;
			sourceTree = "<group>";
		};
/* End PBXGroup section */

/* Begin PBXNativeTarget section */
		CB98064217EEC0840017D644 /* BreMensa */ = {
			isa = PBXNativeTarget;
			buildConfigurationList = CB98066F17EEC0840017D644 /* Build configuration list for PBXNativeTarget "BreMensa" */;
			buildPhases = (
				9DE7EDE4A4CD4F38BA75CB48 /* Check Pods Manifest.lock */,
				CB98063F17EEC0840017D644 /* Sources */,
				CB98064017EEC0840017D644 /* Frameworks */,
				CB98064117EEC0840017D644 /* Resources */,
				53082D6432814FB39D205FF8 /* Copy Pods Resources */,
			);
			buildRules = (
			);
			dependencies = (
			);
			name = BreMensa;
			productName = BreMensa;
			productReference = CB98064317EEC0840017D644 /* BreMensa.app */;
			productType = "com.apple.product-type.application";
		};
		CB98065D17EEC0840017D644 /* BreMensaTests */ = {
			isa = PBXNativeTarget;
			buildConfigurationList = CB98067217EEC0840017D644 /* Build configuration list for PBXNativeTarget "BreMensaTests" */;
			buildPhases = (
				CB98065A17EEC0840017D644 /* Sources */,
				CB98065B17EEC0840017D644 /* Frameworks */,
				CB98065C17EEC0840017D644 /* Resources */,
			);
			buildRules = (
			);
			dependencies = (
				CB98066417EEC0840017D644 /* PBXTargetDependency */,
			);
			name = BreMensaTests;
			productName = BreMensaTests;
			productReference = CB98065E17EEC0840017D644 /* BreMensaTests.xctest */;
			productType = "com.apple.product-type.bundle.unit-test";
		};
		CBD19B9C17F832EC0060820D /* Revealing */ = {
			isa = PBXNativeTarget;
			buildConfigurationList = CBD19BCA17F832EC0060820D /* Build configuration list for PBXNativeTarget "Revealing" */;
			buildPhases = (
				CBD19B9D17F832EC0060820D /* Check Pods Manifest.lock */,
				CBD19B9E17F832EC0060820D /* Sources */,
				CBD19BB617F832EC0060820D /* Frameworks */,
				CBD19BC017F832EC0060820D /* Resources */,
				CBD19BC917F832EC0060820D /* Copy Pods Resources */,
			);
			buildRules = (
			);
			dependencies = (
			);
			name = Revealing;
			productName = BreMensa;
			productReference = CBD19BCD17F832EC0060820D /* BreMensa Revealing.app */;
			productType = "com.apple.product-type.application";
		};
		CBD19BCF17F832F90060820D /* Screenshots */ = {
			isa = PBXNativeTarget;
			buildConfigurationList = CBD19BFD17F832F90060820D /* Build configuration list for PBXNativeTarget "Screenshots" */;
			buildPhases = (
				CBD19BD017F832F90060820D /* Check Pods Manifest.lock */,
				CBD19BD117F832F90060820D /* Sources */,
				CBD19BE917F832F90060820D /* Frameworks */,
				CBD19BF317F832F90060820D /* Resources */,
				CBD19BFC17F832F90060820D /* Copy Pods Resources */,
			);
			buildRules = (
			);
			dependencies = (
			);
			name = Screenshots;
			productName = BreMensa;
			productReference = CBD19C0017F832F90060820D /* BreMensa Screenshots.app */;
			productType = "com.apple.product-type.application";
		};
/* End PBXNativeTarget section */

/* Begin PBXProject section */
		CB98063B17EEC0840017D644 /* Project object */ = {
			isa = PBXProject;
			attributes = {
				CLASSPREFIX = KPB;
				LastUpgradeCheck = 0500;
				ORGANIZATIONNAME = "Karl Bode";
				TargetAttributes = {
					CB98064217EEC0840017D644 = {
						DevelopmentTeam = 54P5ZF49BC;
					};
					CB98065D17EEC0840017D644 = {
						TestTargetID = CB98064217EEC0840017D644;
					};
					CBD19BCF17F832F90060820D = {
						DevelopmentTeam = 54P5ZF49BC;
						SystemCapabilities = {
							com.apple.BackgroundModes = {
								enabled = 1;
							};
						};
					};
				};
			};
			buildConfigurationList = CB98063E17EEC0840017D644 /* Build configuration list for PBXProject "BreMensa" */;
			compatibilityVersion = "Xcode 3.2";
			developmentRegion = English;
			hasScannedForEncodings = 0;
			knownRegions = (
				en,
				de,
				Base,
			);
			mainGroup = CB98063A17EEC0840017D644;
			productRefGroup = CB98064417EEC0840017D644 /* Products */;
			projectDirPath = "";
			projectRoot = "";
			targets = (
				CB98064217EEC0840017D644 /* BreMensa */,
				CB98065D17EEC0840017D644 /* BreMensaTests */,
				CBD19B9C17F832EC0060820D /* Revealing */,
				CBD19BCF17F832F90060820D /* Screenshots */,
			);
		};
/* End PBXProject section */

/* Begin PBXResourcesBuildPhase section */
		CB98064117EEC0840017D644 /* Resources */ = {
			isa = PBXResourcesBuildPhase;
			buildActionMask = 2147483647;
			files = (
				CB9806B817EEC9880017D644 /* config.plist in Resources */,
				CB98070A17F1C0C90017D644 /* Localizable.strings in Resources */,
				CB98065117EEC0840017D644 /* InfoPlist.strings in Resources */,
				CB9E57FE17F574A500943829 /* Storyboard_iPhone.storyboard in Resources */,
				CB98071017F1C1580017D644 /* info.html in Resources */,
				CB98065917EEC0840017D644 /* Images.xcassets in Resources */,
				CB9E57FD17F56E0F00943829 /* apiKeys.plist in Resources */,
				CB98071517F1C5EA0017D644 /* Settings.bundle in Resources */,
			);
			runOnlyForDeploymentPostprocessing = 0;
		};
		CB98065C17EEC0840017D644 /* Resources */ = {
			isa = PBXResourcesBuildPhase;
			buildActionMask = 2147483647;
			files = (
				CB98066A17EEC0840017D644 /* InfoPlist.strings in Resources */,
				CB308633183BFAA800648D95 /* invalid_mealplan.json in Resources */,
			);
			runOnlyForDeploymentPostprocessing = 0;
		};
		CBD19BC017F832EC0060820D /* Resources */ = {
			isa = PBXResourcesBuildPhase;
			buildActionMask = 2147483647;
			files = (
				CBD19BC117F832EC0060820D /* config.plist in Resources */,
				CBD19BC217F832EC0060820D /* Localizable.strings in Resources */,
				CBD19BC317F832EC0060820D /* InfoPlist.strings in Resources */,
				CBD19BC417F832EC0060820D /* Storyboard_iPhone.storyboard in Resources */,
				CBD19BC517F832EC0060820D /* info.html in Resources */,
				CBD19BC617F832EC0060820D /* Images.xcassets in Resources */,
				CBD19BC717F832EC0060820D /* apiKeys.plist in Resources */,
				CBD19BC817F832EC0060820D /* Settings.bundle in Resources */,
			);
			runOnlyForDeploymentPostprocessing = 0;
		};
		CBD19BF317F832F90060820D /* Resources */ = {
			isa = PBXResourcesBuildPhase;
			buildActionMask = 2147483647;
			files = (
				CBD19BF417F832F90060820D /* config.plist in Resources */,
				CBD19BF517F832F90060820D /* Localizable.strings in Resources */,
				CBD19BF617F832F90060820D /* InfoPlist.strings in Resources */,
				CBD19BF717F832F90060820D /* Storyboard_iPhone.storyboard in Resources */,
				CBD19BF817F832F90060820D /* info.html in Resources */,
				CBD19BF917F832F90060820D /* Images.xcassets in Resources */,
				CBD19BFA17F832F90060820D /* apiKeys.plist in Resources */,
				CBD19BFB17F832F90060820D /* Settings.bundle in Resources */,
			);
			runOnlyForDeploymentPostprocessing = 0;
		};
/* End PBXResourcesBuildPhase section */

/* Begin PBXShellScriptBuildPhase section */
		53082D6432814FB39D205FF8 /* Copy Pods Resources */ = {
			isa = PBXShellScriptBuildPhase;
			buildActionMask = 2147483647;
			files = (
			);
			inputPaths = (
			);
			name = "Copy Pods Resources";
			outputPaths = (
			);
			runOnlyForDeploymentPostprocessing = 0;
			shellPath = /bin/sh;
			shellScript = "\"${SRCROOT}/Pods/Pods-resources.sh\"\n";
			showEnvVarsInLog = 0;
		};
		9DE7EDE4A4CD4F38BA75CB48 /* Check Pods Manifest.lock */ = {
			isa = PBXShellScriptBuildPhase;
			buildActionMask = 2147483647;
			files = (
			);
			inputPaths = (
			);
			name = "Check Pods Manifest.lock";
			outputPaths = (
			);
			runOnlyForDeploymentPostprocessing = 0;
			shellPath = /bin/sh;
			shellScript = "diff \"${PODS_ROOT}/../Podfile.lock\" \"${PODS_ROOT}/Manifest.lock\" > /dev/null\nif [[ $? != 0 ]] ; then\n    cat << EOM\nerror: The sandbox is not in sync with the Podfile.lock. Run 'pod install' or update your CocoaPods installation.\nEOM\n    exit 1\nfi\n";
			showEnvVarsInLog = 0;
		};
		CBD19B9D17F832EC0060820D /* Check Pods Manifest.lock */ = {
			isa = PBXShellScriptBuildPhase;
			buildActionMask = 2147483647;
			files = (
			);
			inputPaths = (
			);
			name = "Check Pods Manifest.lock";
			outputPaths = (
			);
			runOnlyForDeploymentPostprocessing = 0;
			shellPath = /bin/sh;
			shellScript = "diff \"${PODS_ROOT}/../Podfile.lock\" \"${PODS_ROOT}/Manifest.lock\" > /dev/null\nif [[ $? != 0 ]] ; then\n    cat << EOM\nerror: The sandbox is not in sync with the Podfile.lock. Run 'pod install' or update your CocoaPods installation.\nEOM\n    exit 1\nfi\n";
			showEnvVarsInLog = 0;
		};
		CBD19BC917F832EC0060820D /* Copy Pods Resources */ = {
			isa = PBXShellScriptBuildPhase;
			buildActionMask = 2147483647;
			files = (
			);
			inputPaths = (
			);
			name = "Copy Pods Resources";
			outputPaths = (
			);
			runOnlyForDeploymentPostprocessing = 0;
			shellPath = /bin/sh;
			shellScript = "\"${SRCROOT}/Pods/Pods-Revealing-resources.sh\"\n";
			showEnvVarsInLog = 0;
		};
		CBD19BD017F832F90060820D /* Check Pods Manifest.lock */ = {
			isa = PBXShellScriptBuildPhase;
			buildActionMask = 2147483647;
			files = (
			);
			inputPaths = (
			);
			name = "Check Pods Manifest.lock";
			outputPaths = (
			);
			runOnlyForDeploymentPostprocessing = 0;
			shellPath = /bin/sh;
			shellScript = "diff \"${PODS_ROOT}/../Podfile.lock\" \"${PODS_ROOT}/Manifest.lock\" > /dev/null\nif [[ $? != 0 ]] ; then\n    cat << EOM\nerror: The sandbox is not in sync with the Podfile.lock. Run 'pod install' or update your CocoaPods installation.\nEOM\n    exit 1\nfi\n";
			showEnvVarsInLog = 0;
		};
		CBD19BFC17F832F90060820D /* Copy Pods Resources */ = {
			isa = PBXShellScriptBuildPhase;
			buildActionMask = 2147483647;
			files = (
			);
			inputPaths = (
			);
			name = "Copy Pods Resources";
			outputPaths = (
			);
			runOnlyForDeploymentPostprocessing = 0;
			shellPath = /bin/sh;
			shellScript = "\"${SRCROOT}/Pods/Pods-Screenshots-resources.sh\"\n";
			showEnvVarsInLog = 0;
		};
/* End PBXShellScriptBuildPhase section */

/* Begin PBXSourcesBuildPhase section */
		CB98063F17EEC0840017D644 /* Sources */ = {
			isa = PBXSourcesBuildPhase;
			buildActionMask = 2147483647;
			files = (
				CB98069317EEC2DC0017D644 /* KPBMeal.m in Sources */,
				CB98069617EEC2DC0017D644 /* KPBMensaOpeningInfo.m in Sources */,
				CB98069017EEC2DC0017D644 /* KPBMensa.m in Sources */,
				CB98065717EEC0840017D644 /* KPBAppDelegate.m in Sources */,
				CB9806B317EEC32C0017D644 /* KPBMoreInfoViewController.m in Sources */,
				CB9806B217EEC32C0017D644 /* KPBMensaDetailViewController.m in Sources */,
				CB98068117EEC2BF0017D644 /* KPBPhoneMealplanPresentationAnimator.m in Sources */,
				CB9806B117EEC32C0017D644 /* KPBMealplanViewController.m in Sources */,
				CB98068017EEC2BF0017D644 /* KPBMealplanSegue.m in Sources */,
				CB98069117EEC2DC0017D644 /* KPBMealplan.m in Sources */,
				CB98071817F1CC830017D644 /* KPBAppConfig.m in Sources */,
				CB9806AA17EEC31A0017D644 /* KPBMenuHeaderView.m in Sources */,
				CB98065317EEC0840017D644 /* main.m in Sources */,
				CB98069217EEC2DC0017D644 /* KPBMenu.m in Sources */,
				CB9806BB17EECFDE0017D644 /* NSCalendar+KPBAdditions.m in Sources */,
				CB98067A17EEC2A30017D644 /* KPBMensaMenuViewController.m in Sources */,
				CB98069417EEC2DC0017D644 /* KPBMensaLocationMarker.m in Sources */,
				CB9806A617EEC31A0017D644 /* KPBMealplanLayoutSection.m in Sources */,
				CB9806A717EEC31A0017D644 /* KPBMealCell.m in Sources */,
				CB98069517EEC2DC0017D644 /* KPBMensaOpeningTime.m in Sources */,
				CB9806B617EEC43E0017D644 /* NSDate+KPBAdditions.m in Sources */,
				CB9806A817EEC31A0017D644 /* KPBMealplanInfoView.m in Sources */,
				CB9806A517EEC31A0017D644 /* KPBMealplanLayout.m in Sources */,
			);
			runOnlyForDeploymentPostprocessing = 0;
		};
		CB98065A17EEC0840017D644 /* Sources */ = {
			isa = PBXSourcesBuildPhase;
			buildActionMask = 2147483647;
			files = (
				CB98066C17EEC0840017D644 /* BreMensaTests.m in Sources */,
			);
			runOnlyForDeploymentPostprocessing = 0;
		};
		CBD19B9E17F832EC0060820D /* Sources */ = {
			isa = PBXSourcesBuildPhase;
			buildActionMask = 2147483647;
			files = (
				CBD19B9F17F832EC0060820D /* KPBMeal.m in Sources */,
				CBD19BA017F832EC0060820D /* KPBMensaOpeningInfo.m in Sources */,
				CBD19BA117F832EC0060820D /* KPBMensa.m in Sources */,
				CBD19BA217F832EC0060820D /* KPBAppDelegate.m in Sources */,
				CBD19BA317F832EC0060820D /* KPBMoreInfoViewController.m in Sources */,
				CBD19BA417F832EC0060820D /* KPBMensaDetailViewController.m in Sources */,
				CBD19BA517F832EC0060820D /* KPBPhoneMealplanPresentationAnimator.m in Sources */,
				CBD19BA617F832EC0060820D /* KPBMealplanViewController.m in Sources */,
				CBD19BA717F832EC0060820D /* KPBMealplanSegue.m in Sources */,
				CBD19BA817F832EC0060820D /* KPBMealplan.m in Sources */,
				CBD19BA917F832EC0060820D /* KPBAppConfig.m in Sources */,
				CBD19BAA17F832EC0060820D /* KPBMenuHeaderView.m in Sources */,
				CBD19BAB17F832EC0060820D /* main.m in Sources */,
				CBD19BAC17F832EC0060820D /* KPBMenu.m in Sources */,
				CBD19BAD17F832EC0060820D /* NSCalendar+KPBAdditions.m in Sources */,
				CBD19BAE17F832EC0060820D /* KPBMensaMenuViewController.m in Sources */,
				CBD19BAF17F832EC0060820D /* KPBMensaLocationMarker.m in Sources */,
				CBD19BB017F832EC0060820D /* KPBMealplanLayoutSection.m in Sources */,
				CBD19BB117F832EC0060820D /* KPBMealCell.m in Sources */,
				CBD19BB217F832EC0060820D /* KPBMensaOpeningTime.m in Sources */,
				CBD19BB317F832EC0060820D /* NSDate+KPBAdditions.m in Sources */,
				CBD19BB417F832EC0060820D /* KPBMealplanInfoView.m in Sources */,
				CBD19BB517F832EC0060820D /* KPBMealplanLayout.m in Sources */,
			);
			runOnlyForDeploymentPostprocessing = 0;
		};
		CBD19BD117F832F90060820D /* Sources */ = {
			isa = PBXSourcesBuildPhase;
			buildActionMask = 2147483647;
			files = (
				CBD19BD217F832F90060820D /* KPBMeal.m in Sources */,
				CBD19BD317F832F90060820D /* KPBMensaOpeningInfo.m in Sources */,
				CBD19BD417F832F90060820D /* KPBMensa.m in Sources */,
				CBD19BD517F832F90060820D /* KPBAppDelegate.m in Sources */,
				CBD19BD617F832F90060820D /* KPBMoreInfoViewController.m in Sources */,
				CBD19BD717F832F90060820D /* KPBMensaDetailViewController.m in Sources */,
				CBD19BD817F832F90060820D /* KPBPhoneMealplanPresentationAnimator.m in Sources */,
				CBD19BD917F832F90060820D /* KPBMealplanViewController.m in Sources */,
				CBD19BDA17F832F90060820D /* KPBMealplanSegue.m in Sources */,
				CBD19BDB17F832F90060820D /* KPBMealplan.m in Sources */,
				CBD19BDC17F832F90060820D /* KPBAppConfig.m in Sources */,
				CBD19BDD17F832F90060820D /* KPBMenuHeaderView.m in Sources */,
				CBD19BDE17F832F90060820D /* main.m in Sources */,
				CBD19BDF17F832F90060820D /* KPBMenu.m in Sources */,
				CBD19BE017F832F90060820D /* NSCalendar+KPBAdditions.m in Sources */,
				CBD19BE117F832F90060820D /* KPBMensaMenuViewController.m in Sources */,
				CBD19BE217F832F90060820D /* KPBMensaLocationMarker.m in Sources */,
				CBD19BE317F832F90060820D /* KPBMealplanLayoutSection.m in Sources */,
				CBD19BE417F832F90060820D /* KPBMealCell.m in Sources */,
				CBD19BE517F832F90060820D /* KPBMensaOpeningTime.m in Sources */,
				CBD19BE617F832F90060820D /* NSDate+KPBAdditions.m in Sources */,
				CBD19BE717F832F90060820D /* KPBMealplanInfoView.m in Sources */,
				CBD19BE817F832F90060820D /* KPBMealplanLayout.m in Sources */,
			);
			runOnlyForDeploymentPostprocessing = 0;
		};
/* End PBXSourcesBuildPhase section */

/* Begin PBXTargetDependency section */
		CB98066417EEC0840017D644 /* PBXTargetDependency */ = {
			isa = PBXTargetDependency;
			target = CB98064217EEC0840017D644 /* BreMensa */;
			targetProxy = CB98066317EEC0840017D644 /* PBXContainerItemProxy */;
		};
/* End PBXTargetDependency section */

/* Begin PBXVariantGroup section */
		CB98064F17EEC0840017D644 /* InfoPlist.strings */ = {
			isa = PBXVariantGroup;
			children = (
				CB98065017EEC0840017D644 /* en */,
				CB98070E17F1C0F10017D644 /* de */,
			);
			name = InfoPlist.strings;
			sourceTree = "<group>";
		};
		CB98066817EEC0840017D644 /* InfoPlist.strings */ = {
			isa = PBXVariantGroup;
			children = (
				CB98066917EEC0840017D644 /* en */,
				CB98070F17F1C0F10017D644 /* de */,
			);
			name = InfoPlist.strings;
			sourceTree = "<group>";
		};
		CB98070C17F1C0C90017D644 /* Localizable.strings */ = {
			isa = PBXVariantGroup;
			children = (
				CB98070B17F1C0C90017D644 /* en */,
				CB98070D17F1C0F10017D644 /* de */,
			);
			name = Localizable.strings;
			sourceTree = "<group>";
		};
		CB98071217F1C1580017D644 /* info.html */ = {
			isa = PBXVariantGroup;
			children = (
				CB98071117F1C1580017D644 /* en */,
				CB98071317F1C1610017D644 /* de */,
			);
			name = info.html;
			sourceTree = "<group>";
		};
		CB9E580017F574A500943829 /* Storyboard_iPhone.storyboard */ = {
			isa = PBXVariantGroup;
			children = (
				CB9E580117F574B400943829 /* Base */,
				CB2AA75F17F5777F0047747B /* en */,
				CB2AA76117F577870047747B /* de */,
			);
			name = Storyboard_iPhone.storyboard;
			sourceTree = "<group>";
		};
/* End PBXVariantGroup section */

/* Begin XCBuildConfiguration section */
		CB98066D17EEC0840017D644 /* Debug */ = {
			isa = XCBuildConfiguration;
			buildSettings = {
				ALWAYS_SEARCH_USER_PATHS = NO;
				ARCHS = "$(ARCHS_STANDARD_INCLUDING_64_BIT)";
				CLANG_CXX_LANGUAGE_STANDARD = "gnu++0x";
				CLANG_CXX_LIBRARY = "libc++";
				CLANG_ENABLE_MODULES = YES;
				CLANG_ENABLE_OBJC_ARC = YES;
				CLANG_WARN_BOOL_CONVERSION = YES;
				CLANG_WARN_CONSTANT_CONVERSION = YES;
				CLANG_WARN_DIRECT_OBJC_ISA_USAGE = YES_ERROR;
				CLANG_WARN_EMPTY_BODY = YES;
				CLANG_WARN_ENUM_CONVERSION = YES;
				CLANG_WARN_INT_CONVERSION = YES;
				CLANG_WARN_OBJC_ROOT_CLASS = YES_ERROR;
				CLANG_WARN__DUPLICATE_METHOD_MATCH = YES;
				"CODE_SIGN_IDENTITY[sdk=iphoneos*]" = "iPhone Developer";
				COPY_PHASE_STRIP = NO;
				GCC_C_LANGUAGE_STANDARD = gnu99;
				GCC_DYNAMIC_NO_PIC = NO;
				GCC_OPTIMIZATION_LEVEL = 0;
				GCC_PREPROCESSOR_DEFINITIONS = (
					"DEBUG=1",
					"$(inherited)",
				);
				GCC_SYMBOLS_PRIVATE_EXTERN = NO;
				GCC_WARN_64_TO_32_BIT_CONVERSION = YES;
				GCC_WARN_ABOUT_RETURN_TYPE = YES_ERROR;
				GCC_WARN_UNDECLARED_SELECTOR = YES;
				GCC_WARN_UNINITIALIZED_AUTOS = YES;
				GCC_WARN_UNUSED_FUNCTION = YES;
				GCC_WARN_UNUSED_VARIABLE = YES;
				IPHONEOS_DEPLOYMENT_TARGET = 7.0;
				ONLY_ACTIVE_ARCH = YES;
				SDKROOT = iphoneos;
			};
			name = Debug;
		};
		CB98066E17EEC0840017D644 /* Release */ = {
			isa = XCBuildConfiguration;
			buildSettings = {
				ALWAYS_SEARCH_USER_PATHS = NO;
				ARCHS = "$(ARCHS_STANDARD_INCLUDING_64_BIT)";
				CLANG_CXX_LANGUAGE_STANDARD = "gnu++0x";
				CLANG_CXX_LIBRARY = "libc++";
				CLANG_ENABLE_MODULES = YES;
				CLANG_ENABLE_OBJC_ARC = YES;
				CLANG_WARN_BOOL_CONVERSION = YES;
				CLANG_WARN_CONSTANT_CONVERSION = YES;
				CLANG_WARN_DIRECT_OBJC_ISA_USAGE = YES_ERROR;
				CLANG_WARN_EMPTY_BODY = YES;
				CLANG_WARN_ENUM_CONVERSION = YES;
				CLANG_WARN_INT_CONVERSION = YES;
				CLANG_WARN_OBJC_ROOT_CLASS = YES_ERROR;
				CLANG_WARN__DUPLICATE_METHOD_MATCH = YES;
				"CODE_SIGN_IDENTITY[sdk=iphoneos*]" = "iPhone Developer";
				COPY_PHASE_STRIP = YES;
				ENABLE_NS_ASSERTIONS = NO;
				GCC_C_LANGUAGE_STANDARD = gnu99;
				GCC_WARN_64_TO_32_BIT_CONVERSION = YES;
				GCC_WARN_ABOUT_RETURN_TYPE = YES_ERROR;
				GCC_WARN_UNDECLARED_SELECTOR = YES;
				GCC_WARN_UNINITIALIZED_AUTOS = YES;
				GCC_WARN_UNUSED_FUNCTION = YES;
				GCC_WARN_UNUSED_VARIABLE = YES;
				IPHONEOS_DEPLOYMENT_TARGET = 7.0;
				SDKROOT = iphoneos;
				VALIDATE_PRODUCT = YES;
			};
			name = Release;
		};
		CB98067017EEC0840017D644 /* Debug */ = {
			isa = XCBuildConfiguration;
			baseConfigurationReference = 25F411563D854C0089CBCF02 /* Pods.xcconfig */;
			buildSettings = {
				ARCHS = "$(ARCHS_STANDARD_INCLUDING_64_BIT)";
				ASSETCATALOG_COMPILER_APPICON_NAME = AppIcon;
				ASSETCATALOG_COMPILER_LAUNCHIMAGE_NAME = LaunchImage;
				CODE_SIGN_IDENTITY = "iPhone Developer";
				GCC_PRECOMPILE_PREFIX_HEADER = YES;
				GCC_PREFIX_HEADER = "BreMensa/BreMensa-Prefix.pch";
				INFOPLIST_FILE = "BreMensa/BreMensa-Info.plist";
				IPHONEOS_DEPLOYMENT_TARGET = 6.0;
				ONLY_ACTIVE_ARCH = YES;
				PRODUCT_NAME = "$(TARGET_NAME)";
				WRAPPER_EXTENSION = app;
			};
			name = Debug;
		};
		CB98067117EEC0840017D644 /* Release */ = {
			isa = XCBuildConfiguration;
			baseConfigurationReference = 25F411563D854C0089CBCF02 /* Pods.xcconfig */;
			buildSettings = {
				ARCHS = "$(ARCHS_STANDARD_INCLUDING_64_BIT)";
				ASSETCATALOG_COMPILER_APPICON_NAME = AppIcon;
				ASSETCATALOG_COMPILER_LAUNCHIMAGE_NAME = LaunchImage;
				CODE_SIGN_IDENTITY = "iPhone Developer";
				GCC_PRECOMPILE_PREFIX_HEADER = YES;
				GCC_PREFIX_HEADER = "BreMensa/BreMensa-Prefix.pch";
				INFOPLIST_FILE = "BreMensa/BreMensa-Info.plist";
				IPHONEOS_DEPLOYMENT_TARGET = 6.0;
				PRODUCT_NAME = "$(TARGET_NAME)";
				WRAPPER_EXTENSION = app;
			};
			name = Release;
		};
		CB98067317EEC0840017D644 /* Debug */ = {
			isa = XCBuildConfiguration;
			baseConfigurationReference = 25F411563D854C0089CBCF02 /* Pods.xcconfig */;
			buildSettings = {
				ARCHS = "$(ARCHS_STANDARD_INCLUDING_64_BIT)";
				BUNDLE_LOADER = "$(BUILT_PRODUCTS_DIR)/BreMensa.app/BreMensa";
				FRAMEWORK_SEARCH_PATHS = (
					"$(SDKROOT)/Developer/Library/Frameworks",
					"$(inherited)",
					"$(DEVELOPER_FRAMEWORKS_DIR)",
				);
				GCC_PRECOMPILE_PREFIX_HEADER = YES;
				GCC_PREFIX_HEADER = "BreMensa/BreMensa-Prefix.pch";
				GCC_PREPROCESSOR_DEFINITIONS = (
					"DEBUG=1",
					"$(inherited)",
				);
				INFOPLIST_FILE = "BreMensaTests/BreMensaTests-Info.plist";
				PRODUCT_NAME = "$(TARGET_NAME)";
				TEST_HOST = "$(BUNDLE_LOADER)";
				WRAPPER_EXTENSION = xctest;
			};
			name = Debug;
		};
		CB98067417EEC0840017D644 /* Release */ = {
			isa = XCBuildConfiguration;
			baseConfigurationReference = 25F411563D854C0089CBCF02 /* Pods.xcconfig */;
			buildSettings = {
				ARCHS = "$(ARCHS_STANDARD_INCLUDING_64_BIT)";
				BUNDLE_LOADER = "$(BUILT_PRODUCTS_DIR)/BreMensa.app/BreMensa";
				FRAMEWORK_SEARCH_PATHS = (
					"$(SDKROOT)/Developer/Library/Frameworks",
					"$(inherited)",
					"$(DEVELOPER_FRAMEWORKS_DIR)",
				);
				GCC_PRECOMPILE_PREFIX_HEADER = YES;
				GCC_PREFIX_HEADER = "BreMensa/BreMensa-Prefix.pch";
				INFOPLIST_FILE = "BreMensaTests/BreMensaTests-Info.plist";
				PRODUCT_NAME = "$(TARGET_NAME)";
				TEST_HOST = "$(BUNDLE_LOADER)";
				WRAPPER_EXTENSION = xctest;
			};
			name = Release;
		};
		CBD19BCB17F832EC0060820D /* Debug */ = {
			isa = XCBuildConfiguration;
			baseConfigurationReference = 4DD581F489784E5D8DAB483D /* Pods-Revealing.xcconfig */;
			buildSettings = {
				ARCHS = "$(ARCHS_STANDARD_INCLUDING_64_BIT)";
				ASSETCATALOG_COMPILER_APPICON_NAME = AppIcon;
				ASSETCATALOG_COMPILER_LAUNCHIMAGE_NAME = LaunchImage;
				CODE_SIGN_IDENTITY = "iPhone Developer";
				GCC_PRECOMPILE_PREFIX_HEADER = YES;
				GCC_PREFIX_HEADER = "BreMensa/BreMensa-Prefix.pch";
				GCC_PREPROCESSOR_DEFINITIONS = (
					"$(inherited)",
					"COCOAPODS=1",
					"$(inherited)",
					"BITHOCKEY_VERSION=\"@\\\"3.5.0rc2\\\"\"",
				);
				INFOPLIST_FILE = Revealing.plist;
				IPHONEOS_DEPLOYMENT_TARGET = 7.0;
				ONLY_ACTIVE_ARCH = YES;
				PRODUCT_NAME = "BreMensa Revealing";
				WRAPPER_EXTENSION = app;
			};
			name = Debug;
		};
		CBD19BCC17F832EC0060820D /* Release */ = {
			isa = XCBuildConfiguration;
			baseConfigurationReference = 4DD581F489784E5D8DAB483D /* Pods-Revealing.xcconfig */;
			buildSettings = {
				ARCHS = "$(ARCHS_STANDARD_INCLUDING_64_BIT)";
				ASSETCATALOG_COMPILER_APPICON_NAME = AppIcon;
				ASSETCATALOG_COMPILER_LAUNCHIMAGE_NAME = LaunchImage;
				CODE_SIGN_IDENTITY = "iPhone Developer";
				GCC_PRECOMPILE_PREFIX_HEADER = YES;
				GCC_PREFIX_HEADER = "BreMensa/BreMensa-Prefix.pch";
				INFOPLIST_FILE = Revealing.plist;
				IPHONEOS_DEPLOYMENT_TARGET = 7.0;
				PRODUCT_NAME = "BreMensa Revealing";
				WRAPPER_EXTENSION = app;
			};
			name = Release;
		};
		CBD19BFE17F832F90060820D /* Debug */ = {
			isa = XCBuildConfiguration;
			baseConfigurationReference = C90B11D8934743369E0427DC /* Pods-Screenshots.xcconfig */;
			buildSettings = {
				ASSETCATALOG_COMPILER_APPICON_NAME = AppIcon;
				ASSETCATALOG_COMPILER_LAUNCHIMAGE_NAME = LaunchImage;
				CODE_SIGN_IDENTITY = "iPhone Developer";
				GCC_PRECOMPILE_PREFIX_HEADER = YES;
				GCC_PREFIX_HEADER = "BreMensa/BreMensa-Prefix.pch";
				GCC_PREPROCESSOR_DEFINITIONS_NOT_USED_IN_PRECOMPS = "TAKING_SCREENSHOTS=1";
				INFOPLIST_FILE = Screenshots.plist;
				ONLY_ACTIVE_ARCH = YES;
				PRODUCT_NAME = "BreMensa Screenshots";
				WRAPPER_EXTENSION = app;
			};
			name = Debug;
		};
		CBD19BFF17F832F90060820D /* Release */ = {
			isa = XCBuildConfiguration;
			baseConfigurationReference = C90B11D8934743369E0427DC /* Pods-Screenshots.xcconfig */;
			buildSettings = {
				ASSETCATALOG_COMPILER_APPICON_NAME = AppIcon;
				ASSETCATALOG_COMPILER_LAUNCHIMAGE_NAME = LaunchImage;
				CODE_SIGN_IDENTITY = "iPhone Developer";
				GCC_PRECOMPILE_PREFIX_HEADER = YES;
				GCC_PREFIX_HEADER = "BreMensa/BreMensa-Prefix.pch";
				GCC_PREPROCESSOR_DEFINITIONS_NOT_USED_IN_PRECOMPS = "TAKING_SCREENSHOTS=1";
				INFOPLIST_FILE = Screenshots.plist;
				PRODUCT_NAME = "BreMensa Screenshots";
				WRAPPER_EXTENSION = app;
			};
			name = Release;
		};
/* End XCBuildConfiguration section */

/* Begin XCConfigurationList section */
		CB98063E17EEC0840017D644 /* Build configuration list for PBXProject "BreMensa" */ = {
			isa = XCConfigurationList;
			buildConfigurations = (
				CB98066D17EEC0840017D644 /* Debug */,
				CB98066E17EEC0840017D644 /* Release */,
			);
			defaultConfigurationIsVisible = 0;
			defaultConfigurationName = Release;
		};
		CB98066F17EEC0840017D644 /* Build configuration list for PBXNativeTarget "BreMensa" */ = {
			isa = XCConfigurationList;
			buildConfigurations = (
				CB98067017EEC0840017D644 /* Debug */,
				CB98067117EEC0840017D644 /* Release */,
			);
			defaultConfigurationIsVisible = 0;
			defaultConfigurationName = Release;
		};
		CB98067217EEC0840017D644 /* Build configuration list for PBXNativeTarget "BreMensaTests" */ = {
			isa = XCConfigurationList;
			buildConfigurations = (
				CB98067317EEC0840017D644 /* Debug */,
				CB98067417EEC0840017D644 /* Release */,
			);
			defaultConfigurationIsVisible = 0;
			defaultConfigurationName = Release;
		};
		CBD19BCA17F832EC0060820D /* Build configuration list for PBXNativeTarget "Revealing" */ = {
			isa = XCConfigurationList;
			buildConfigurations = (
				CBD19BCB17F832EC0060820D /* Debug */,
				CBD19BCC17F832EC0060820D /* Release */,
			);
			defaultConfigurationIsVisible = 0;
			defaultConfigurationName = Release;
		};
		CBD19BFD17F832F90060820D /* Build configuration list for PBXNativeTarget "Screenshots" */ = {
			isa = XCConfigurationList;
			buildConfigurations = (
				CBD19BFE17F832F90060820D /* Debug */,
				CBD19BFF17F832F90060820D /* Release */,
			);
			defaultConfigurationIsVisible = 0;
			defaultConfigurationName = Release;
		};
/* End XCConfigurationList section */
	};
	rootObject = CB98063B17EEC0840017D644 /* Project object */;
}
